// !$*UTF8*$!
{
	archiveVersion = 1;
	classes = {
	};
	objectVersion = 56;
	objects = {

/* Begin PBXBuildFile section */
		381DE8352C34648600E6CB04 /* Appearance.swift in Sources */ = {isa = PBXBuildFile; fileRef = 381DE8342C34648600E6CB04 /* Appearance.swift */; };
		381DE8362C34648600E6CB04 /* Appearance.swift in Sources */ = {isa = PBXBuildFile; fileRef = 381DE8342C34648600E6CB04 /* Appearance.swift */; };
		383C66832C2DE9EE003A62B3 /* SUPER-2.png in Resources */ = {isa = PBXBuildFile; fileRef = 383C66822C2DE9EE003A62B3 /* SUPER-2.png */; };
		38AE75082C1E094500DFB6A7 /* superghostApp.swift in Sources */ = {isa = PBXBuildFile; fileRef = 38AE75072C1E094500DFB6A7 /* superghostApp.swift */; };
		38AE750A2C1E094500DFB6A7 /* ContentView.swift in Sources */ = {isa = PBXBuildFile; fileRef = 38AE75092C1E094500DFB6A7 /* ContentView.swift */; };
		38AE750C2C1E094700DFB6A7 /* Assets.xcassets in Resources */ = {isa = PBXBuildFile; fileRef = 38AE750B2C1E094700DFB6A7 /* Assets.xcassets */; };
		38AE750F2C1E094700DFB6A7 /* Preview Assets.xcassets in Resources */ = {isa = PBXBuildFile; fileRef = 38AE750E2C1E094700DFB6A7 /* Preview Assets.xcassets */; };
		38AE75372C1E0A2F00DFB6A7 /* GameViewModel.swift in Sources */ = {isa = PBXBuildFile; fileRef = 38AE75362C1E0A2F00DFB6A7 /* GameViewModel.swift */; };
		38AE75392C1E0A4F00DFB6A7 /* GameView.swift in Sources */ = {isa = PBXBuildFile; fileRef = 38AE75382C1E0A4E00DFB6A7 /* GameView.swift */; };
		38AE753B2C1E0A6D00DFB6A7 /* LoadingView.swift in Sources */ = {isa = PBXBuildFile; fileRef = 38AE753A2C1E0A6D00DFB6A7 /* LoadingView.swift */; };
		38AE753D2C1E0A9D00DFB6A7 /* ApiLayer.swift in Sources */ = {isa = PBXBuildFile; fileRef = 38AE753C2C1E0A9D00DFB6A7 /* ApiLayer.swift */; };
		38AE753F2C1E0B2400DFB6A7 /* Alerts.swift in Sources */ = {isa = PBXBuildFile; fileRef = 38AE753E2C1E0B2400DFB6A7 /* Alerts.swift */; };
		38B1BAD72C3ECBC100E3E377 /* Game.swift in Sources */ = {isa = PBXBuildFile; fileRef = 38B1BAD62C3ECBC100E3E377 /* Game.swift */; };
		38B1BAD82C3ECBC100E3E377 /* Game.swift in Sources */ = {isa = PBXBuildFile; fileRef = 38B1BAD62C3ECBC100E3E377 /* Game.swift */; };
		38B1BADA2C3ECC5B00E3E377 /* GameStat.swift in Sources */ = {isa = PBXBuildFile; fileRef = 38B1BAD92C3ECC5B00E3E377 /* GameStat.swift */; };
		38B1BADB2C3ECC5B00E3E377 /* GameStat.swift in Sources */ = {isa = PBXBuildFile; fileRef = 38B1BAD92C3ECC5B00E3E377 /* GameStat.swift */; };
		38B1BADD2C3ECCC100E3E377 /* User.swift in Sources */ = {isa = PBXBuildFile; fileRef = 38B1BADC2C3ECCC100E3E377 /* User.swift */; };
		38B1BADE2C3ECCC100E3E377 /* User.swift in Sources */ = {isa = PBXBuildFile; fileRef = 38B1BADC2C3ECCC100E3E377 /* User.swift */; };
		38D4981A2C2F222B0006E080 /* superghostApp.swift in Sources */ = {isa = PBXBuildFile; fileRef = 38D498192C2F222B0006E080 /* superghostApp.swift */; };
		38D4981E2C2F222D0006E080 /* Assets.xcassets in Resources */ = {isa = PBXBuildFile; fileRef = 38D4981D2C2F222D0006E080 /* Assets.xcassets */; };
		38D498212C2F222D0006E080 /* Preview Assets.xcassets in Resources */ = {isa = PBXBuildFile; fileRef = 38D498202C2F222D0006E080 /* Preview Assets.xcassets */; };
		38D498452C2F22410006E080 /* GameViewModel.swift in Sources */ = {isa = PBXBuildFile; fileRef = 38AE75362C1E0A2F00DFB6A7 /* GameViewModel.swift */; };
		38D498462C2F22410006E080 /* ContentView.swift in Sources */ = {isa = PBXBuildFile; fileRef = 38AE75092C1E094500DFB6A7 /* ContentView.swift */; };
		38D498472C2F22410006E080 /* GameView.swift in Sources */ = {isa = PBXBuildFile; fileRef = 38AE75382C1E0A4E00DFB6A7 /* GameView.swift */; };
		38D498482C2F22410006E080 /* LoadingView.swift in Sources */ = {isa = PBXBuildFile; fileRef = 38AE753A2C1E0A6D00DFB6A7 /* LoadingView.swift */; };
		38D498492C2F22410006E080 /* ApiLayer.swift in Sources */ = {isa = PBXBuildFile; fileRef = 38AE753C2C1E0A9D00DFB6A7 /* ApiLayer.swift */; };
		38D4984A2C2F22410006E080 /* Alerts.swift in Sources */ = {isa = PBXBuildFile; fileRef = 38AE753E2C1E0B2400DFB6A7 /* Alerts.swift */; };
		38D75F702C418577000C0DDF /* revenuecatkey.txt in Resources */ = {isa = PBXBuildFile; fileRef = 38D75F6F2C418577000C0DDF /* revenuecatkey.txt */; };
		38D75F712C418577000C0DDF /* revenuecatkey.txt in Resources */ = {isa = PBXBuildFile; fileRef = 38D75F6F2C418577000C0DDF /* revenuecatkey.txt */; };
		38D75F742C418629000C0DDF /* RevenueCat in Frameworks */ = {isa = PBXBuildFile; productRef = 38D75F732C418629000C0DDF /* RevenueCat */; };
		38D75F762C418629000C0DDF /* RevenueCatUI in Frameworks */ = {isa = PBXBuildFile; productRef = 38D75F752C418629000C0DDF /* RevenueCatUI */; };
		38D75F792C418634000C0DDF /* RevenueCat in Frameworks */ = {isa = PBXBuildFile; productRef = 38D75F782C418634000C0DDF /* RevenueCat */; };
		38D75F7B2C418634000C0DDF /* RevenueCatUI in Frameworks */ = {isa = PBXBuildFile; productRef = 38D75F7A2C418634000C0DDF /* RevenueCatUI */; };
		38D75F7D2C418643000C0DDF /* StoreKit.framework in Frameworks */ = {isa = PBXBuildFile; fileRef = 38D75F7C2C418643000C0DDF /* StoreKit.framework */; };
		38D75F7F2C418647000C0DDF /* StoreKit.framework in Frameworks */ = {isa = PBXBuildFile; fileRef = 38D75F7E2C418647000C0DDF /* StoreKit.framework */; };
		38D75F812C418760000C0DDF /* superghosty.storekit in Resources */ = {isa = PBXBuildFile; fileRef = 38D75F802C418760000C0DDF /* superghosty.storekit */; };
		38D75F822C418760000C0DDF /* superghosty.storekit in Resources */ = {isa = PBXBuildFile; fileRef = 38D75F802C418760000C0DDF /* superghosty.storekit */; };
		38D75F842C418B21000C0DDF /* PaywallView.swift in Sources */ = {isa = PBXBuildFile; fileRef = 38D75F832C418B21000C0DDF /* PaywallView.swift */; };
		38D75F852C418B21000C0DDF /* PaywallView.swift in Sources */ = {isa = PBXBuildFile; fileRef = 38D75F832C418B21000C0DDF /* PaywallView.swift */; };
		38D75F872C42560A000C0DDF /* SettingsButton.swift in Sources */ = {isa = PBXBuildFile; fileRef = 38D75F862C425609000C0DDF /* SettingsButton.swift */; };
		38D75F882C42560A000C0DDF /* SettingsButton.swift in Sources */ = {isa = PBXBuildFile; fileRef = 38D75F862C425609000C0DDF /* SettingsButton.swift */; };
		38D75F8A2C425653000C0DDF /* StatsView.swift in Sources */ = {isa = PBXBuildFile; fileRef = 38D75F892C425653000C0DDF /* StatsView.swift */; };
		38D75F8B2C425653000C0DDF /* StatsView.swift in Sources */ = {isa = PBXBuildFile; fileRef = 38D75F892C425653000C0DDF /* StatsView.swift */; };
		38D75F8D2C425693000C0DDF /* AsyncButton.swift in Sources */ = {isa = PBXBuildFile; fileRef = 38D75F8C2C425693000C0DDF /* AsyncButton.swift */; };
		38D75F8E2C425693000C0DDF /* AsyncButton.swift in Sources */ = {isa = PBXBuildFile; fileRef = 38D75F8C2C425693000C0DDF /* AsyncButton.swift */; };
		38D75F902C42B422000C0DDF /* HomeView.swift in Sources */ = {isa = PBXBuildFile; fileRef = 38D75F8F2C42B422000C0DDF /* HomeView.swift */; };
		38D75F912C42B422000C0DDF /* HomeView.swift in Sources */ = {isa = PBXBuildFile; fileRef = 38D75F8F2C42B422000C0DDF /* HomeView.swift */; };
		38D75F932C42B450000C0DDF /* WaitingGhost.swift in Sources */ = {isa = PBXBuildFile; fileRef = 38D75F922C42B450000C0DDF /* WaitingGhost.swift */; };
		38D75F942C42B450000C0DDF /* WaitingGhost.swift in Sources */ = {isa = PBXBuildFile; fileRef = 38D75F922C42B450000C0DDF /* WaitingGhost.swift */; };
		38D75F962C42B6E1000C0DDF /* FirstUseView.swift in Sources */ = {isa = PBXBuildFile; fileRef = 38D75F952C42B6E1000C0DDF /* FirstUseView.swift */; };
		38D75F972C42B6E1000C0DDF /* FirstUseView.swift in Sources */ = {isa = PBXBuildFile; fileRef = 38D75F952C42B6E1000C0DDF /* FirstUseView.swift */; };
		38D75F992C42B876000C0DDF /* PreviewModifier.swift in Sources */ = {isa = PBXBuildFile; fileRef = 38D75F982C42B876000C0DDF /* PreviewModifier.swift */; };
		38D75F9A2C42B876000C0DDF /* PreviewModifier.swift in Sources */ = {isa = PBXBuildFile; fileRef = 38D75F982C42B876000C0DDF /* PreviewModifier.swift */; };
		38D75F9C2C42DC16000C0DDF /* InstructionsView.swift in Sources */ = {isa = PBXBuildFile; fileRef = 38D75F9B2C42DC16000C0DDF /* InstructionsView.swift */; };
		38D75F9D2C42DC16000C0DDF /* InstructionsView.swift in Sources */ = {isa = PBXBuildFile; fileRef = 38D75F9B2C42DC16000C0DDF /* InstructionsView.swift */; };
/* End PBXBuildFile section */

/* Begin PBXFileReference section */
		381D838B2C3D1D24000ED639 /* superghost.entitlements */ = {isa = PBXFileReference; lastKnownFileType = text.plist.entitlements; path = superghost.entitlements; sourceTree = "<group>"; };
		381DE8332C3462E700E6CB04 /* superghost-Watch-App-Info.plist */ = {isa = PBXFileReference; lastKnownFileType = text.plist; path = "superghost-Watch-App-Info.plist"; sourceTree = SOURCE_ROOT; };
		381DE8342C34648600E6CB04 /* Appearance.swift */ = {isa = PBXFileReference; lastKnownFileType = sourcecode.swift; path = Appearance.swift; sourceTree = "<group>"; };
		383C66812C2DE99D003A62B3 /* Info.plist */ = {isa = PBXFileReference; lastKnownFileType = text.plist; path = Info.plist; sourceTree = "<group>"; };
		383C66822C2DE9EE003A62B3 /* SUPER-2.png */ = {isa = PBXFileReference; lastKnownFileType = image.png; path = "SUPER-2.png"; sourceTree = "<group>"; };
		38AE75042C1E094500DFB6A7 /* superghost.app */ = {isa = PBXFileReference; explicitFileType = wrapper.application; includeInIndex = 0; path = superghost.app; sourceTree = BUILT_PRODUCTS_DIR; };
		38AE75072C1E094500DFB6A7 /* superghostApp.swift */ = {isa = PBXFileReference; lastKnownFileType = sourcecode.swift; path = superghostApp.swift; sourceTree = "<group>"; };
		38AE75092C1E094500DFB6A7 /* ContentView.swift */ = {isa = PBXFileReference; lastKnownFileType = sourcecode.swift; path = ContentView.swift; sourceTree = "<group>"; };
		38AE750B2C1E094700DFB6A7 /* Assets.xcassets */ = {isa = PBXFileReference; lastKnownFileType = folder.assetcatalog; path = Assets.xcassets; sourceTree = "<group>"; };
		38AE750E2C1E094700DFB6A7 /* Preview Assets.xcassets */ = {isa = PBXFileReference; lastKnownFileType = folder.assetcatalog; path = "Preview Assets.xcassets"; sourceTree = "<group>"; };
		38AE75362C1E0A2F00DFB6A7 /* GameViewModel.swift */ = {isa = PBXFileReference; lastKnownFileType = sourcecode.swift; path = GameViewModel.swift; sourceTree = "<group>"; };
		38AE75382C1E0A4E00DFB6A7 /* GameView.swift */ = {isa = PBXFileReference; lastKnownFileType = sourcecode.swift; path = GameView.swift; sourceTree = "<group>"; };
		38AE753A2C1E0A6D00DFB6A7 /* LoadingView.swift */ = {isa = PBXFileReference; lastKnownFileType = sourcecode.swift; path = LoadingView.swift; sourceTree = "<group>"; };
		38AE753C2C1E0A9D00DFB6A7 /* ApiLayer.swift */ = {isa = PBXFileReference; lastKnownFileType = sourcecode.swift; path = ApiLayer.swift; sourceTree = "<group>"; };
		38AE753E2C1E0B2400DFB6A7 /* Alerts.swift */ = {isa = PBXFileReference; lastKnownFileType = sourcecode.swift; path = Alerts.swift; sourceTree = "<group>"; };
		38B1BAD62C3ECBC100E3E377 /* Game.swift */ = {isa = PBXFileReference; lastKnownFileType = sourcecode.swift; path = Game.swift; sourceTree = "<group>"; };
		38B1BAD92C3ECC5B00E3E377 /* GameStat.swift */ = {isa = PBXFileReference; lastKnownFileType = sourcecode.swift; path = GameStat.swift; sourceTree = "<group>"; };
		38B1BADC2C3ECCC100E3E377 /* User.swift */ = {isa = PBXFileReference; lastKnownFileType = sourcecode.swift; path = User.swift; sourceTree = "<group>"; };
		38D498142C2F222B0006E080 /* superghost Watch App.app */ = {isa = PBXFileReference; explicitFileType = wrapper.application; includeInIndex = 0; path = "superghost Watch App.app"; sourceTree = BUILT_PRODUCTS_DIR; };
		38D498192C2F222B0006E080 /* superghostApp.swift */ = {isa = PBXFileReference; lastKnownFileType = sourcecode.swift; path = superghostApp.swift; sourceTree = "<group>"; };
		38D4981D2C2F222D0006E080 /* Assets.xcassets */ = {isa = PBXFileReference; lastKnownFileType = folder.assetcatalog; path = Assets.xcassets; sourceTree = "<group>"; };
		38D498202C2F222D0006E080 /* Preview Assets.xcassets */ = {isa = PBXFileReference; lastKnownFileType = folder.assetcatalog; path = "Preview Assets.xcassets"; sourceTree = "<group>"; };
		38D75F6F2C418577000C0DDF /* revenuecatkey.txt */ = {isa = PBXFileReference; fileEncoding = 4; lastKnownFileType = text; path = revenuecatkey.txt; sourceTree = "<group>"; };
		38D75F7C2C418643000C0DDF /* StoreKit.framework */ = {isa = PBXFileReference; lastKnownFileType = wrapper.framework; name = StoreKit.framework; path = Platforms/XROS.platform/Developer/SDKs/XROS1.2.sdk/System/Library/Frameworks/StoreKit.framework; sourceTree = DEVELOPER_DIR; };
		38D75F7E2C418647000C0DDF /* StoreKit.framework */ = {isa = PBXFileReference; lastKnownFileType = wrapper.framework; name = StoreKit.framework; path = Platforms/WatchOS.platform/Developer/SDKs/WatchOS10.5.sdk/System/Library/Frameworks/StoreKit.framework; sourceTree = DEVELOPER_DIR; };
		38D75F802C418760000C0DDF /* superghosty.storekit */ = {isa = PBXFileReference; fileEncoding = 4; lastKnownFileType = text; path = superghosty.storekit; sourceTree = "<group>"; };
		38D75F832C418B21000C0DDF /* PaywallView.swift */ = {isa = PBXFileReference; lastKnownFileType = sourcecode.swift; path = PaywallView.swift; sourceTree = "<group>"; };
		38D75F862C425609000C0DDF /* SettingsButton.swift */ = {isa = PBXFileReference; lastKnownFileType = sourcecode.swift; path = SettingsButton.swift; sourceTree = "<group>"; };
		38D75F892C425653000C0DDF /* StatsView.swift */ = {isa = PBXFileReference; lastKnownFileType = sourcecode.swift; path = StatsView.swift; sourceTree = "<group>"; };
		38D75F8C2C425693000C0DDF /* AsyncButton.swift */ = {isa = PBXFileReference; lastKnownFileType = sourcecode.swift; path = AsyncButton.swift; sourceTree = "<group>"; };
		38D75F8F2C42B422000C0DDF /* HomeView.swift */ = {isa = PBXFileReference; lastKnownFileType = sourcecode.swift; path = HomeView.swift; sourceTree = "<group>"; };
		38D75F922C42B450000C0DDF /* WaitingGhost.swift */ = {isa = PBXFileReference; lastKnownFileType = sourcecode.swift; path = WaitingGhost.swift; sourceTree = "<group>"; };
		38D75F952C42B6E1000C0DDF /* FirstUseView.swift */ = {isa = PBXFileReference; lastKnownFileType = sourcecode.swift; path = FirstUseView.swift; sourceTree = "<group>"; };
		38D75F982C42B876000C0DDF /* PreviewModifier.swift */ = {isa = PBXFileReference; lastKnownFileType = sourcecode.swift; path = PreviewModifier.swift; sourceTree = "<group>"; };
		38D75F9B2C42DC16000C0DDF /* InstructionsView.swift */ = {isa = PBXFileReference; lastKnownFileType = sourcecode.swift; path = InstructionsView.swift; sourceTree = "<group>"; };
/* End PBXFileReference section */

/* Begin PBXFrameworksBuildPhase section */
		38AE75012C1E094500DFB6A7 /* Frameworks */ = {
			isa = PBXFrameworksBuildPhase;
			buildActionMask = 2147483647;
			files = (
				38D75F7D2C418643000C0DDF /* StoreKit.framework in Frameworks */,
				38D75F762C418629000C0DDF /* RevenueCatUI in Frameworks */,
				38D75F742C418629000C0DDF /* RevenueCat in Frameworks */,
			);
			runOnlyForDeploymentPostprocessing = 0;
		};
		38D498112C2F222B0006E080 /* Frameworks */ = {
			isa = PBXFrameworksBuildPhase;
			buildActionMask = 2147483647;
			files = (
				38D75F7F2C418647000C0DDF /* StoreKit.framework in Frameworks */,
				38D75F7B2C418634000C0DDF /* RevenueCatUI in Frameworks */,
				38D75F792C418634000C0DDF /* RevenueCat in Frameworks */,
			);
			runOnlyForDeploymentPostprocessing = 0;
		};
/* End PBXFrameworksBuildPhase section */

/* Begin PBXGroup section */
		38AE74FB2C1E094500DFB6A7 = {
			isa = PBXGroup;
			children = (
				383C66822C2DE9EE003A62B3 /* SUPER-2.png */,
				38AE75062C1E094500DFB6A7 /* superghost */,
				38D498182C2F222B0006E080 /* superghost Watch App */,
				38AE75052C1E094500DFB6A7 /* Products */,
				38D75F772C418634000C0DDF /* Frameworks */,
			);
			sourceTree = "<group>";
		};
		38AE75052C1E094500DFB6A7 /* Products */ = {
			isa = PBXGroup;
			children = (
				38AE75042C1E094500DFB6A7 /* superghost.app */,
				38D498142C2F222B0006E080 /* superghost Watch App.app */,
			);
			name = Products;
			sourceTree = "<group>";
		};
		38AE75062C1E094500DFB6A7 /* superghost */ = {
			isa = PBXGroup;
			children = (
				38D75F9B2C42DC16000C0DDF /* InstructionsView.swift */,
				381D838B2C3D1D24000ED639 /* superghost.entitlements */,
				383C66812C2DE99D003A62B3 /* Info.plist */,
				38AE75072C1E094500DFB6A7 /* superghostApp.swift */,
				38D75F922C42B450000C0DDF /* WaitingGhost.swift */,
				38D75F8F2C42B422000C0DDF /* HomeView.swift */,
				38D75F8C2C425693000C0DDF /* AsyncButton.swift */,
				38D75F892C425653000C0DDF /* StatsView.swift */,
				38AE75092C1E094500DFB6A7 /* ContentView.swift */,
				38D75F952C42B6E1000C0DDF /* FirstUseView.swift */,
				38D75F982C42B876000C0DDF /* PreviewModifier.swift */,
				38D75F862C425609000C0DDF /* SettingsButton.swift */,
				38D75F832C418B21000C0DDF /* PaywallView.swift */,
				381DE8342C34648600E6CB04 /* Appearance.swift */,
				38AE75362C1E0A2F00DFB6A7 /* GameViewModel.swift */,
				38B1BADC2C3ECCC100E3E377 /* User.swift */,
				38B1BAD62C3ECBC100E3E377 /* Game.swift */,
				38B1BAD92C3ECC5B00E3E377 /* GameStat.swift */,
				38AE753E2C1E0B2400DFB6A7 /* Alerts.swift */,
				38AE75382C1E0A4E00DFB6A7 /* GameView.swift */,
				38AE753A2C1E0A6D00DFB6A7 /* LoadingView.swift */,
				38AE753C2C1E0A9D00DFB6A7 /* ApiLayer.swift */,
				38D75F6F2C418577000C0DDF /* revenuecatkey.txt */,
				38D75F802C418760000C0DDF /* superghosty.storekit */,
				38AE750B2C1E094700DFB6A7 /* Assets.xcassets */,
				38AE750D2C1E094700DFB6A7 /* Preview Content */,
			);
			path = superghost;
			sourceTree = "<group>";
		};
		38AE750D2C1E094700DFB6A7 /* Preview Content */ = {
			isa = PBXGroup;
			children = (
				38AE750E2C1E094700DFB6A7 /* Preview Assets.xcassets */,
			);
			path = "Preview Content";
			sourceTree = "<group>";
		};
		38D498182C2F222B0006E080 /* superghost Watch App */ = {
			isa = PBXGroup;
			children = (
				381DE8332C3462E700E6CB04 /* superghost-Watch-App-Info.plist */,
				38D498192C2F222B0006E080 /* superghostApp.swift */,
				38D4981D2C2F222D0006E080 /* Assets.xcassets */,
				38D4981F2C2F222D0006E080 /* Preview Content */,
			);
			path = "superghost Watch App";
			sourceTree = "<group>";
		};
		38D4981F2C2F222D0006E080 /* Preview Content */ = {
			isa = PBXGroup;
			children = (
				38D498202C2F222D0006E080 /* Preview Assets.xcassets */,
			);
			path = "Preview Content";
			sourceTree = "<group>";
		};
		38D75F772C418634000C0DDF /* Frameworks */ = {
			isa = PBXGroup;
			children = (
				38D75F7E2C418647000C0DDF /* StoreKit.framework */,
				38D75F7C2C418643000C0DDF /* StoreKit.framework */,
			);
			name = Frameworks;
			sourceTree = "<group>";
		};
/* End PBXGroup section */

/* Begin PBXNativeTarget section */
		38AE75032C1E094500DFB6A7 /* superghost */ = {
			isa = PBXNativeTarget;
			buildConfigurationList = 38AE75282C1E094700DFB6A7 /* Build configuration list for PBXNativeTarget "superghost" */;
			buildPhases = (
				382A7E582C4423180067B51B /* ShellScript */,
				38AE75002C1E094500DFB6A7 /* Sources */,
				38AE75012C1E094500DFB6A7 /* Frameworks */,
				38AE75022C1E094500DFB6A7 /* Resources */,
			);
			buildRules = (
			);
			dependencies = (
			);
			name = superghost;
			packageProductDependencies = (
				38D75F732C418629000C0DDF /* RevenueCat */,
				38D75F752C418629000C0DDF /* RevenueCatUI */,
			);
			productName = superghost;
			productReference = 38AE75042C1E094500DFB6A7 /* superghost.app */;
			productType = "com.apple.product-type.application";
		};
		38D498132C2F222B0006E080 /* superghost Watch App */ = {
			isa = PBXNativeTarget;
			buildConfigurationList = 38D498382C2F222D0006E080 /* Build configuration list for PBXNativeTarget "superghost Watch App" */;
			buildPhases = (
				382A7E592C4424160067B51B /* Run Script */,
				38D498102C2F222B0006E080 /* Sources */,
				38D498112C2F222B0006E080 /* Frameworks */,
				38D498122C2F222B0006E080 /* Resources */,
			);
			buildRules = (
			);
			dependencies = (
			);
			name = "superghost Watch App";
			packageProductDependencies = (
				38D75F782C418634000C0DDF /* RevenueCat */,
				38D75F7A2C418634000C0DDF /* RevenueCatUI */,
			);
			productName = "superghost Watch App";
			productReference = 38D498142C2F222B0006E080 /* superghost Watch App.app */;
			productType = "com.apple.product-type.application";
		};
/* End PBXNativeTarget section */

/* Begin PBXProject section */
		38AE74FC2C1E094500DFB6A7 /* Project object */ = {
			isa = PBXProject;
			attributes = {
				BuildIndependentTargetsInParallel = 1;
				LastSwiftUpdateCheck = 1540;
				LastUpgradeCheck = 1540;
				TargetAttributes = {
					38AE75032C1E094500DFB6A7 = {
						CreatedOnToolsVersion = 15.4;
					};
					38D498132C2F222B0006E080 = {
						CreatedOnToolsVersion = 15.4;
					};
				};
			};
			buildConfigurationList = 38AE74FF2C1E094500DFB6A7 /* Build configuration list for PBXProject "superghost" */;
			compatibilityVersion = "Xcode 14.0";
			developmentRegion = en;
			hasScannedForEncodings = 0;
			knownRegions = (
				en,
				Base,
			);
			mainGroup = 38AE74FB2C1E094500DFB6A7;
			packageReferences = (
				38D75F722C418629000C0DDF /* XCRemoteSwiftPackageReference "purchases-ios" */,
			);
			productRefGroup = 38AE75052C1E094500DFB6A7 /* Products */;
			projectDirPath = "";
			projectRoot = "";
			targets = (
				38AE75032C1E094500DFB6A7 /* superghost */,
				38D498132C2F222B0006E080 /* superghost Watch App */,
			);
		};
/* End PBXProject section */

/* Begin PBXResourcesBuildPhase section */
		38AE75022C1E094500DFB6A7 /* Resources */ = {
			isa = PBXResourcesBuildPhase;
			buildActionMask = 2147483647;
			files = (
				383C66832C2DE9EE003A62B3 /* SUPER-2.png in Resources */,
				38AE750F2C1E094700DFB6A7 /* Preview Assets.xcassets in Resources */,
				38D75F702C418577000C0DDF /* revenuecatkey.txt in Resources */,
				38AE750C2C1E094700DFB6A7 /* Assets.xcassets in Resources */,
				38D75F812C418760000C0DDF /* superghosty.storekit in Resources */,
			);
			runOnlyForDeploymentPostprocessing = 0;
		};
		38D498122C2F222B0006E080 /* Resources */ = {
			isa = PBXResourcesBuildPhase;
			buildActionMask = 2147483647;
			files = (
				38D75F822C418760000C0DDF /* superghosty.storekit in Resources */,
				38D75F712C418577000C0DDF /* revenuecatkey.txt in Resources */,
				38D498212C2F222D0006E080 /* Preview Assets.xcassets in Resources */,
				38D4981E2C2F222D0006E080 /* Assets.xcassets in Resources */,
			);
			runOnlyForDeploymentPostprocessing = 0;
		};
/* End PBXResourcesBuildPhase section */

/* Begin PBXShellScriptBuildPhase section */
		382A7E582C4423180067B51B /* ShellScript */ = {
			isa = PBXShellScriptBuildPhase;
			alwaysOutOfDate = 1;
			buildActionMask = 8;
			files = (
			);
			inputFileListPaths = (
			);
			inputPaths = (
			);
			outputFileListPaths = (
			);
			outputPaths = (
				"$(SRCROOT)/superghost/revenuecatkey.txt",
			);
			runOnlyForDeploymentPostprocessing = 1;
			shellPath = /bin/sh;
			shellScript = "echo \"Running script to embed revenuecatkey...\"\n\n# Check if the environment variable is set\nif [ -z \"$revenuecatkey\" ]; then\n    echo \"Error: Environment variable 'revenuecatkey' is not set.\"\n    exit 1\nfi\n\n# Write the environment variable to the file\necho \"$revenuecatkey\" > \"${SRCROOT}/superghost/revenuecatkey.txt\"\n\n# Verify the file was created\nif [ ! -f \"${SRCROOT}/superghost/revenuecatkey.txt\" ]; then\n    echo \"Error: Failed to create revenuecatkey.txt\"\n    exit 1\nfi\n\necho \"Successfully wrote revenuecatkey to ${SRCROOT}/superghost/revenuecatkey.txt\"\n";
		};
		382A7E592C4424160067B51B /* Run Script */ = {
			isa = PBXShellScriptBuildPhase;
			buildActionMask = 2147483647;
			files = (
			);
			inputFileListPaths = (
			);
			inputPaths = (
			);
			name = "Run Script";
			outputFileListPaths = (
			);
			outputPaths = (
			);
			runOnlyForDeploymentPostprocessing = 0;
			shellPath = /bin/sh;
			shellScript = "echo \"$revenuecatkey\" > \"${SRCROOT}/superghost/revenuecatkey.txt\"\n";
		};
/* End PBXShellScriptBuildPhase section */

/* Begin PBXSourcesBuildPhase section */
		38AE75002C1E094500DFB6A7 /* Sources */ = {
			isa = PBXSourcesBuildPhase;
			buildActionMask = 2147483647;
			files = (
				38D75F932C42B450000C0DDF /* WaitingGhost.swift in Sources */,
				38D75F9C2C42DC16000C0DDF /* InstructionsView.swift in Sources */,
				38AE75372C1E0A2F00DFB6A7 /* GameViewModel.swift in Sources */,
				38D75F842C418B21000C0DDF /* PaywallView.swift in Sources */,
				38B1BAD72C3ECBC100E3E377 /* Game.swift in Sources */,
				38AE750A2C1E094500DFB6A7 /* ContentView.swift in Sources */,
				38AE75392C1E0A4F00DFB6A7 /* GameView.swift in Sources */,
				38D75F872C42560A000C0DDF /* SettingsButton.swift in Sources */,
				381DE8352C34648600E6CB04 /* Appearance.swift in Sources */,
				38AE753B2C1E0A6D00DFB6A7 /* LoadingView.swift in Sources */,
				38D75F992C42B876000C0DDF /* PreviewModifier.swift in Sources */,
				38AE753D2C1E0A9D00DFB6A7 /* ApiLayer.swift in Sources */,
				38AE753F2C1E0B2400DFB6A7 /* Alerts.swift in Sources */,
				38AE75082C1E094500DFB6A7 /* superghostApp.swift in Sources */,
				38D75F8D2C425693000C0DDF /* AsyncButton.swift in Sources */,
				38B1BADA2C3ECC5B00E3E377 /* GameStat.swift in Sources */,
				38D75F902C42B422000C0DDF /* HomeView.swift in Sources */,
				38D75F8A2C425653000C0DDF /* StatsView.swift in Sources */,
				38B1BADD2C3ECCC100E3E377 /* User.swift in Sources */,
				38D75F962C42B6E1000C0DDF /* FirstUseView.swift in Sources */,
			);
			runOnlyForDeploymentPostprocessing = 0;
		};
		38D498102C2F222B0006E080 /* Sources */ = {
			isa = PBXSourcesBuildPhase;
			buildActionMask = 2147483647;
			files = (
				38D75F942C42B450000C0DDF /* WaitingGhost.swift in Sources */,
				38D75F9D2C42DC16000C0DDF /* InstructionsView.swift in Sources */,
				38D4981A2C2F222B0006E080 /* superghostApp.swift in Sources */,
				38D75F852C418B21000C0DDF /* PaywallView.swift in Sources */,
				38B1BAD82C3ECBC100E3E377 /* Game.swift in Sources */,
				38D498452C2F22410006E080 /* GameViewModel.swift in Sources */,
				38D498462C2F22410006E080 /* ContentView.swift in Sources */,
				38D75F882C42560A000C0DDF /* SettingsButton.swift in Sources */,
				381DE8362C34648600E6CB04 /* Appearance.swift in Sources */,
				38D498472C2F22410006E080 /* GameView.swift in Sources */,
				38D75F9A2C42B876000C0DDF /* PreviewModifier.swift in Sources */,
				38D498482C2F22410006E080 /* LoadingView.swift in Sources */,
				38D498492C2F22410006E080 /* ApiLayer.swift in Sources */,
				38D4984A2C2F22410006E080 /* Alerts.swift in Sources */,
				38D75F8E2C425693000C0DDF /* AsyncButton.swift in Sources */,
				38B1BADB2C3ECC5B00E3E377 /* GameStat.swift in Sources */,
				38D75F912C42B422000C0DDF /* HomeView.swift in Sources */,
				38D75F8B2C425653000C0DDF /* StatsView.swift in Sources */,
				38B1BADE2C3ECCC100E3E377 /* User.swift in Sources */,
				38D75F972C42B6E1000C0DDF /* FirstUseView.swift in Sources */,
			);
			runOnlyForDeploymentPostprocessing = 0;
		};
/* End PBXSourcesBuildPhase section */

/* Begin XCBuildConfiguration section */
		38AE75262C1E094700DFB6A7 /* Debug */ = {
			isa = XCBuildConfiguration;
			buildSettings = {
				ALWAYS_SEARCH_USER_PATHS = NO;
				ASSETCATALOG_COMPILER_GENERATE_SWIFT_ASSET_SYMBOL_EXTENSIONS = YES;
				CLANG_ANALYZER_NONNULL = YES;
				CLANG_ANALYZER_NUMBER_OBJECT_CONVERSION = YES_AGGRESSIVE;
				CLANG_CXX_LANGUAGE_STANDARD = "gnu++20";
				CLANG_ENABLE_MODULES = YES;
				CLANG_ENABLE_OBJC_ARC = YES;
				CLANG_ENABLE_OBJC_WEAK = YES;
				CLANG_WARN_BLOCK_CAPTURE_AUTORELEASING = YES;
				CLANG_WARN_BOOL_CONVERSION = YES;
				CLANG_WARN_COMMA = YES;
				CLANG_WARN_CONSTANT_CONVERSION = YES;
				CLANG_WARN_DEPRECATED_OBJC_IMPLEMENTATIONS = YES;
				CLANG_WARN_DIRECT_OBJC_ISA_USAGE = YES_ERROR;
				CLANG_WARN_DOCUMENTATION_COMMENTS = YES;
				CLANG_WARN_EMPTY_BODY = YES;
				CLANG_WARN_ENUM_CONVERSION = YES;
				CLANG_WARN_INFINITE_RECURSION = YES;
				CLANG_WARN_INT_CONVERSION = YES;
				CLANG_WARN_NON_LITERAL_NULL_CONVERSION = YES;
				CLANG_WARN_OBJC_IMPLICIT_RETAIN_SELF = YES;
				CLANG_WARN_OBJC_LITERAL_CONVERSION = YES;
				CLANG_WARN_OBJC_ROOT_CLASS = YES_ERROR;
				CLANG_WARN_QUOTED_INCLUDE_IN_FRAMEWORK_HEADER = YES;
				CLANG_WARN_RANGE_LOOP_ANALYSIS = YES;
				CLANG_WARN_STRICT_PROTOTYPES = YES;
				CLANG_WARN_SUSPICIOUS_MOVE = YES;
				CLANG_WARN_UNGUARDED_AVAILABILITY = YES_AGGRESSIVE;
				CLANG_WARN_UNREACHABLE_CODE = YES;
				CLANG_WARN__DUPLICATE_METHOD_MATCH = YES;
				COPY_PHASE_STRIP = NO;
				DEBUG_INFORMATION_FORMAT = dwarf;
				ENABLE_STRICT_OBJC_MSGSEND = YES;
				ENABLE_TESTABILITY = YES;
				ENABLE_USER_SCRIPT_SANDBOXING = YES;
				GCC_C_LANGUAGE_STANDARD = gnu17;
				GCC_DYNAMIC_NO_PIC = NO;
				GCC_NO_COMMON_BLOCKS = YES;
				GCC_OPTIMIZATION_LEVEL = 0;
				GCC_PREPROCESSOR_DEFINITIONS = (
					"DEBUG=1",
					"$(inherited)",
				);
				GCC_WARN_64_TO_32_BIT_CONVERSION = YES;
				GCC_WARN_ABOUT_RETURN_TYPE = YES_ERROR;
				GCC_WARN_UNDECLARED_SELECTOR = YES;
				GCC_WARN_UNINITIALIZED_AUTOS = YES_AGGRESSIVE;
				GCC_WARN_UNUSED_FUNCTION = YES;
				GCC_WARN_UNUSED_VARIABLE = YES;
				IPHONEOS_DEPLOYMENT_TARGET = 17.0;
				LOCALIZATION_PREFERS_STRING_CATALOGS = YES;
				MTL_ENABLE_DEBUG_INFO = INCLUDE_SOURCE;
				MTL_FAST_MATH = YES;
				ONLY_ACTIVE_ARCH = YES;
				SDKROOT = iphoneos;
				SWIFT_ACTIVE_COMPILATION_CONDITIONS = "DEBUG $(inherited)";
				SWIFT_OPTIMIZATION_LEVEL = "-Onone";
			};
			name = Debug;
		};
		38AE75272C1E094700DFB6A7 /* Release */ = {
			isa = XCBuildConfiguration;
			buildSettings = {
				ALWAYS_SEARCH_USER_PATHS = NO;
				ASSETCATALOG_COMPILER_GENERATE_SWIFT_ASSET_SYMBOL_EXTENSIONS = YES;
				CLANG_ANALYZER_NONNULL = YES;
				CLANG_ANALYZER_NUMBER_OBJECT_CONVERSION = YES_AGGRESSIVE;
				CLANG_CXX_LANGUAGE_STANDARD = "gnu++20";
				CLANG_ENABLE_MODULES = YES;
				CLANG_ENABLE_OBJC_ARC = YES;
				CLANG_ENABLE_OBJC_WEAK = YES;
				CLANG_WARN_BLOCK_CAPTURE_AUTORELEASING = YES;
				CLANG_WARN_BOOL_CONVERSION = YES;
				CLANG_WARN_COMMA = YES;
				CLANG_WARN_CONSTANT_CONVERSION = YES;
				CLANG_WARN_DEPRECATED_OBJC_IMPLEMENTATIONS = YES;
				CLANG_WARN_DIRECT_OBJC_ISA_USAGE = YES_ERROR;
				CLANG_WARN_DOCUMENTATION_COMMENTS = YES;
				CLANG_WARN_EMPTY_BODY = YES;
				CLANG_WARN_ENUM_CONVERSION = YES;
				CLANG_WARN_INFINITE_RECURSION = YES;
				CLANG_WARN_INT_CONVERSION = YES;
				CLANG_WARN_NON_LITERAL_NULL_CONVERSION = YES;
				CLANG_WARN_OBJC_IMPLICIT_RETAIN_SELF = YES;
				CLANG_WARN_OBJC_LITERAL_CONVERSION = YES;
				CLANG_WARN_OBJC_ROOT_CLASS = YES_ERROR;
				CLANG_WARN_QUOTED_INCLUDE_IN_FRAMEWORK_HEADER = YES;
				CLANG_WARN_RANGE_LOOP_ANALYSIS = YES;
				CLANG_WARN_STRICT_PROTOTYPES = YES;
				CLANG_WARN_SUSPICIOUS_MOVE = YES;
				CLANG_WARN_UNGUARDED_AVAILABILITY = YES_AGGRESSIVE;
				CLANG_WARN_UNREACHABLE_CODE = YES;
				CLANG_WARN__DUPLICATE_METHOD_MATCH = YES;
				COPY_PHASE_STRIP = NO;
				DEBUG_INFORMATION_FORMAT = "dwarf-with-dsym";
				ENABLE_NS_ASSERTIONS = NO;
				ENABLE_STRICT_OBJC_MSGSEND = YES;
				ENABLE_USER_SCRIPT_SANDBOXING = YES;
				GCC_C_LANGUAGE_STANDARD = gnu17;
				GCC_NO_COMMON_BLOCKS = YES;
				GCC_WARN_64_TO_32_BIT_CONVERSION = YES;
				GCC_WARN_ABOUT_RETURN_TYPE = YES_ERROR;
				GCC_WARN_UNDECLARED_SELECTOR = YES;
				GCC_WARN_UNINITIALIZED_AUTOS = YES_AGGRESSIVE;
				GCC_WARN_UNUSED_FUNCTION = YES;
				GCC_WARN_UNUSED_VARIABLE = YES;
				IPHONEOS_DEPLOYMENT_TARGET = 17.0;
				LOCALIZATION_PREFERS_STRING_CATALOGS = YES;
				MTL_ENABLE_DEBUG_INFO = NO;
				MTL_FAST_MATH = YES;
				SDKROOT = iphoneos;
				SWIFT_COMPILATION_MODE = wholemodule;
				VALIDATE_PRODUCT = YES;
			};
			name = Release;
		};
		38AE75292C1E094700DFB6A7 /* Debug */ = {
			isa = XCBuildConfiguration;
			buildSettings = {
				ASSETCATALOG_COMPILER_APPICON_NAME = AppIcon;
				ASSETCATALOG_COMPILER_GLOBAL_ACCENT_COLOR_NAME = AccentColor;
				ASSETCATALOG_COMPILER_INCLUDE_ALL_APPICON_ASSETS = YES;
				CODE_SIGN_ENTITLEMENTS = superghost/superghost.entitlements;
				CODE_SIGN_STYLE = Automatic;
				CURRENT_PROJECT_VERSION = 3;
				DEVELOPMENT_ASSET_PATHS = "\"superghost/Preview Content\"";
				DEVELOPMENT_TEAM = X5933694SW;
				ENABLE_PREVIEWS = YES;
				GENERATE_INFOPLIST_FILE = YES;
				INFOPLIST_FILE = superghost/Info.plist;
				INFOPLIST_KEY_LSApplicationCategoryType = "public.app-category.word-games";
				INFOPLIST_KEY_UIApplicationSceneManifest_Generation = YES;
				INFOPLIST_KEY_UIApplicationSupportsIndirectInputEvents = YES;
				INFOPLIST_KEY_UILaunchScreen_Generation = YES;
				INFOPLIST_KEY_UISupportedInterfaceOrientations_iPad = "UIInterfaceOrientationPortrait UIInterfaceOrientationPortraitUpsideDown UIInterfaceOrientationLandscapeLeft UIInterfaceOrientationLandscapeRight";
				INFOPLIST_KEY_UISupportedInterfaceOrientations_iPhone = "UIInterfaceOrientationPortrait UIInterfaceOrientationLandscapeLeft UIInterfaceOrientationLandscapeRight";
				IPHONEOS_DEPLOYMENT_TARGET = 17.0;
				LD_RUNPATH_SEARCH_PATHS = (
					"$(inherited)",
					"@executable_path/Frameworks",
				);
				MACOSX_DEPLOYMENT_TARGET = 14.0;
				MARKETING_VERSION = 1.0;
				PRODUCT_BUNDLE_IDENTIFIER = com.nagel.superghost;
				PRODUCT_NAME = "$(TARGET_NAME)";
				SDKROOT = xros;
				SUPPORTED_PLATFORMS = "iphoneos iphonesimulator macosx xros xrsimulator";
				SUPPORTS_MACCATALYST = NO;
				SUPPORTS_MAC_DESIGNED_FOR_IPHONE_IPAD = NO;
				SUPPORTS_XR_DESIGNED_FOR_IPHONE_IPAD = NO;
				SWIFT_EMIT_LOC_STRINGS = YES;
				SWIFT_VERSION = 5.0;
				TARGETED_DEVICE_FAMILY = "1,2,7";
			};
			name = Debug;
		};
		38AE752A2C1E094700DFB6A7 /* Release */ = {
			isa = XCBuildConfiguration;
			buildSettings = {
				ASSETCATALOG_COMPILER_APPICON_NAME = AppIcon;
				ASSETCATALOG_COMPILER_GLOBAL_ACCENT_COLOR_NAME = AccentColor;
				ASSETCATALOG_COMPILER_INCLUDE_ALL_APPICON_ASSETS = YES;
				CODE_SIGN_ENTITLEMENTS = superghost/superghost.entitlements;
				CODE_SIGN_STYLE = Automatic;
				CURRENT_PROJECT_VERSION = 3;
				DEVELOPMENT_ASSET_PATHS = "\"superghost/Preview Content\"";
				DEVELOPMENT_TEAM = X5933694SW;
				ENABLE_PREVIEWS = YES;
				GENERATE_INFOPLIST_FILE = YES;
				INFOPLIST_FILE = superghost/Info.plist;
				INFOPLIST_KEY_LSApplicationCategoryType = "public.app-category.word-games";
				INFOPLIST_KEY_UIApplicationSceneManifest_Generation = YES;
				INFOPLIST_KEY_UIApplicationSupportsIndirectInputEvents = YES;
				INFOPLIST_KEY_UILaunchScreen_Generation = YES;
				INFOPLIST_KEY_UISupportedInterfaceOrientations_iPad = "UIInterfaceOrientationPortrait UIInterfaceOrientationPortraitUpsideDown UIInterfaceOrientationLandscapeLeft UIInterfaceOrientationLandscapeRight";
				INFOPLIST_KEY_UISupportedInterfaceOrientations_iPhone = "UIInterfaceOrientationPortrait UIInterfaceOrientationLandscapeLeft UIInterfaceOrientationLandscapeRight";
				IPHONEOS_DEPLOYMENT_TARGET = 17.0;
				LD_RUNPATH_SEARCH_PATHS = (
					"$(inherited)",
					"@executable_path/Frameworks",
				);
				MACOSX_DEPLOYMENT_TARGET = 14.0;
				MARKETING_VERSION = 1.0;
				PRODUCT_BUNDLE_IDENTIFIER = com.nagel.superghost;
				PRODUCT_NAME = "$(TARGET_NAME)";
				SDKROOT = xros;
				SUPPORTED_PLATFORMS = "iphoneos iphonesimulator macosx xros xrsimulator";
				SUPPORTS_MACCATALYST = NO;
				SUPPORTS_MAC_DESIGNED_FOR_IPHONE_IPAD = NO;
				SUPPORTS_XR_DESIGNED_FOR_IPHONE_IPAD = NO;
				SWIFT_EMIT_LOC_STRINGS = YES;
				SWIFT_VERSION = 5.0;
				TARGETED_DEVICE_FAMILY = "1,2,7";
			};
			name = Release;
		};
		38D498392C2F222D0006E080 /* Debug */ = {
			isa = XCBuildConfiguration;
			buildSettings = {
				ASSETCATALOG_COMPILER_APPICON_NAME = AppIcon;
				ASSETCATALOG_COMPILER_GLOBAL_ACCENT_COLOR_NAME = AccentColor;
				CODE_SIGN_STYLE = Automatic;
				CURRENT_PROJECT_VERSION = 3;
				DEVELOPMENT_ASSET_PATHS = "\"superghost Watch App/Preview Content\"";
				DEVELOPMENT_TEAM = X5933694SW;
				ENABLE_PREVIEWS = YES;
				GENERATE_INFOPLIST_FILE = YES;
				INFOPLIST_FILE = "superghost-Watch-App-Info.plist";
				INFOPLIST_KEY_CFBundleDisplayName = superghost;
				INFOPLIST_KEY_UISupportedInterfaceOrientations = "UIInterfaceOrientationPortrait UIInterfaceOrientationPortraitUpsideDown";
				INFOPLIST_KEY_WKWatchOnly = YES;
				LD_RUNPATH_SEARCH_PATHS = (
					"$(inherited)",
					"@executable_path/Frameworks",
				);
				MARKETING_VERSION = 1.0;
				PRODUCT_BUNDLE_IDENTIFIER = com.nagel.superghost.watchkitapp;
				PRODUCT_NAME = "$(TARGET_NAME)";
				SDKROOT = watchos;
				SKIP_INSTALL = YES;
				SWIFT_EMIT_LOC_STRINGS = YES;
				SWIFT_VERSION = 5.0;
				TARGETED_DEVICE_FAMILY = 4;
				WATCHOS_DEPLOYMENT_TARGET = 10.0;
			};
			name = Debug;
		};
		38D4983A2C2F222D0006E080 /* Release */ = {
			isa = XCBuildConfiguration;
			buildSettings = {
				ASSETCATALOG_COMPILER_APPICON_NAME = AppIcon;
				ASSETCATALOG_COMPILER_GLOBAL_ACCENT_COLOR_NAME = AccentColor;
				CODE_SIGN_STYLE = Automatic;
				CURRENT_PROJECT_VERSION = 3;
				DEVELOPMENT_ASSET_PATHS = "\"superghost Watch App/Preview Content\"";
				DEVELOPMENT_TEAM = X5933694SW;
				ENABLE_PREVIEWS = YES;
				GENERATE_INFOPLIST_FILE = YES;
				INFOPLIST_FILE = "superghost-Watch-App-Info.plist";
				INFOPLIST_KEY_CFBundleDisplayName = superghost;
				INFOPLIST_KEY_UISupportedInterfaceOrientations = "UIInterfaceOrientationPortrait UIInterfaceOrientationPortraitUpsideDown";
				INFOPLIST_KEY_WKWatchOnly = YES;
				LD_RUNPATH_SEARCH_PATHS = (
					"$(inherited)",
					"@executable_path/Frameworks",
				);
				MARKETING_VERSION = 1.0;
				PRODUCT_BUNDLE_IDENTIFIER = com.nagel.superghost.watchkitapp;
				PRODUCT_NAME = "$(TARGET_NAME)";
				SDKROOT = watchos;
				SKIP_INSTALL = YES;
				SWIFT_EMIT_LOC_STRINGS = YES;
				SWIFT_VERSION = 5.0;
				TARGETED_DEVICE_FAMILY = 4;
				WATCHOS_DEPLOYMENT_TARGET = 10.0;
			};
			name = Release;
		};
/* End XCBuildConfiguration section */

/* Begin XCConfigurationList section */
		38AE74FF2C1E094500DFB6A7 /* Build configuration list for PBXProject "superghost" */ = {
			isa = XCConfigurationList;
			buildConfigurations = (
				38AE75262C1E094700DFB6A7 /* Debug */,
				38AE75272C1E094700DFB6A7 /* Release */,
			);
			defaultConfigurationIsVisible = 0;
			defaultConfigurationName = Release;
		};
		38AE75282C1E094700DFB6A7 /* Build configuration list for PBXNativeTarget "superghost" */ = {
			isa = XCConfigurationList;
			buildConfigurations = (
				38AE75292C1E094700DFB6A7 /* Debug */,
				38AE752A2C1E094700DFB6A7 /* Release */,
			);
			defaultConfigurationIsVisible = 0;
			defaultConfigurationName = Release;
		};
		38D498382C2F222D0006E080 /* Build configuration list for PBXNativeTarget "superghost Watch App" */ = {
			isa = XCConfigurationList;
			buildConfigurations = (
				38D498392C2F222D0006E080 /* Debug */,
				38D4983A2C2F222D0006E080 /* Release */,
			);
			defaultConfigurationIsVisible = 0;
			defaultConfigurationName = Release;
		};
/* End XCConfigurationList section */

/* Begin XCRemoteSwiftPackageReference section */
		38D75F722C418629000C0DDF /* XCRemoteSwiftPackageReference "purchases-ios" */ = {
			isa = XCRemoteSwiftPackageReference;
			repositoryURL = "https://github.com/RevenueCat/purchases-ios.git";
			requirement = {
				kind = upToNextMajorVersion;
				minimumVersion = 5.1.0;
			};
		};
/* End XCRemoteSwiftPackageReference section */

/* Begin XCSwiftPackageProductDependency section */
		38D75F732C418629000C0DDF /* RevenueCat */ = {
			isa = XCSwiftPackageProductDependency;
			package = 38D75F722C418629000C0DDF /* XCRemoteSwiftPackageReference "purchases-ios" */;
			productName = RevenueCat;
		};
		38D75F752C418629000C0DDF /* RevenueCatUI */ = {
			isa = XCSwiftPackageProductDependency;
			package = 38D75F722C418629000C0DDF /* XCRemoteSwiftPackageReference "purchases-ios" */;
			productName = RevenueCatUI;
		};
		38D75F782C418634000C0DDF /* RevenueCat */ = {
			isa = XCSwiftPackageProductDependency;
			package = 38D75F722C418629000C0DDF /* XCRemoteSwiftPackageReference "purchases-ios" */;
			productName = RevenueCat;
		};
		38D75F7A2C418634000C0DDF /* RevenueCatUI */ = {
			isa = XCSwiftPackageProductDependency;
			package = 38D75F722C418629000C0DDF /* XCRemoteSwiftPackageReference "purchases-ios" */;
			productName = RevenueCatUI;
		};
/* End XCSwiftPackageProductDependency section */
	};
	rootObject = 38AE74FC2C1E094500DFB6A7 /* Project object */;
}
