// !$*UTF8*$!
{
	archiveVersion = 1;
	classes = {
	};
	objectVersion = 57;
	objects = {

/* Begin PBXBuildFile section */
		381DE8352C34648600E6CB04 /* Appearance.swift in Sources */ = {isa = PBXBuildFile; fileRef = 381DE8342C34648600E6CB04 /* Appearance.swift */; };
		38219AB42C601E34001A7C4F /* Messages.swift in Sources */ = {isa = PBXBuildFile; fileRef = 38219AB32C601E34001A7C4F /* Messages.swift */; };
		38219AB62C60C546001A7C4F /* ContentPlaceHolderView.swift in Sources */ = {isa = PBXBuildFile; fileRef = 38219AB52C60C546001A7C4F /* ContentPlaceHolderView.swift */; };
		38219AB82C60C604001A7C4F /* CircleButtonBorderStyle.swift in Sources */ = {isa = PBXBuildFile; fileRef = 38219AB72C60C604001A7C4F /* CircleButtonBorderStyle.swift */; };
		38219ABA2C60C9B3001A7C4F /* onChange.swift in Sources */ = {isa = PBXBuildFile; fileRef = 38219AB92C60C9B3001A7C4F /* onChange.swift */; };
		38219AC12C6258AF001A7C4F /* Messages.framework in Frameworks */ = {isa = PBXBuildFile; fileRef = 38219AC02C6258AF001A7C4F /* Messages.framework */; };
		38219ACD2C6258B1001A7C4F /* Messages Extension.appex in Embed Foundation Extensions */ = {isa = PBXBuildFile; fileRef = 38219ABF2C6258AF001A7C4F /* Messages Extension.appex */; platformFilters = (ios, xros, ); settings = {ATTRIBUTES = (RemoveHeadersOnCopy, ); }; };
		38219AD32C625C5C001A7C4F /* onChange.swift in Sources */ = {isa = PBXBuildFile; fileRef = 38219AB92C60C9B3001A7C4F /* onChange.swift */; };
		38219AD52C626176001A7C4F /* AsyncButton.swift in Sources */ = {isa = PBXBuildFile; fileRef = 38D75F8C2C425693000C0DDF /* AsyncButton.swift */; };
		38219AD72C626EE1001A7C4F /* LetterPicker.swift in Sources */ = {isa = PBXBuildFile; fileRef = 38219AD62C626EE1001A7C4F /* LetterPicker.swift */; };
		38219AD92C626F4D001A7C4F /* Appearance.swift in Sources */ = {isa = PBXBuildFile; fileRef = 381DE8342C34648600E6CB04 /* Appearance.swift */; };
		38219ADB2C626F99001A7C4F /* SingleLetterPicker.swift in Sources */ = {isa = PBXBuildFile; fileRef = 38219ADA2C626F99001A7C4F /* SingleLetterPicker.swift */; };
		38219ADC2C626F99001A7C4F /* SingleLetterPicker.swift in Sources */ = {isa = PBXBuildFile; fileRef = 38219ADA2C626F99001A7C4F /* SingleLetterPicker.swift */; };
		38219ADD2C636CBF001A7C4F /* Alerts.swift in Sources */ = {isa = PBXBuildFile; fileRef = 38AE753E2C1E0B2400DFB6A7 /* Alerts.swift */; };
		38219ADE2C636D10001A7C4F /* GameStat.swift in Sources */ = {isa = PBXBuildFile; fileRef = 38B1BAD92C3ECC5B00E3E377 /* GameStat.swift */; };
		38219ADF2C636D21001A7C4F /* ContentPlaceHolderView.swift in Sources */ = {isa = PBXBuildFile; fileRef = 38219AB52C60C546001A7C4F /* ContentPlaceHolderView.swift */; };
		38219AE02C636DBC001A7C4F /* AsyncFuncs.swift in Sources */ = {isa = PBXBuildFile; fileRef = 388D2A932C5F4F9D00F1F0DE /* AsyncFuncs.swift */; };
		383C66832C2DE9EE003A62B3 /* SUPER-2.png in Resources */ = {isa = PBXBuildFile; fileRef = 383C66822C2DE9EE003A62B3 /* SUPER-2.png */; };
		384497FB2C5E88CE00DE24CF /* SoundManager.swift in Sources */ = {isa = PBXBuildFile; fileRef = 384497F92C5E88CE00DE24CF /* SoundManager.swift */; };
		384497FF2C5E8D1400DE24CF /* scream.mp3 in Resources */ = {isa = PBXBuildFile; fileRef = 384497FE2C5E8D1400DE24CF /* scream.mp3 */; };
		384498002C5E8D1400DE24CF /* ambient.mp3 in Resources */ = {isa = PBXBuildFile; fileRef = 384497FC2C5E8D1400DE24CF /* ambient.mp3 */; };
		384498012C5E8D1400DE24CF /* laughingGhost.mp3 in Resources */ = {isa = PBXBuildFile; fileRef = 384497FD2C5E8D1400DE24CF /* laughingGhost.mp3 */; };
		384EA7002C522E190000FE39 /* CloudStoragePropertyWrapper.swift in Sources */ = {isa = PBXBuildFile; fileRef = 384EA6FF2C522E190000FE39 /* CloudStoragePropertyWrapper.swift */; };
		384EA7032C5234BF0000FE39 /* CloudStoragePropertyWrapper.swift in Sources */ = {isa = PBXBuildFile; fileRef = 384EA6FF2C522E190000FE39 /* CloudStoragePropertyWrapper.swift */; };
		387CD6FC2C5DB0D200DF79DD /* waitingGhost.mov in Resources */ = {isa = PBXBuildFile; fileRef = 387CD6FB2C5DB0D200DF79DD /* waitingGhost.mov */; };
		388D2A922C5ECC6600F1F0DE /* ambient2.mp3 in Resources */ = {isa = PBXBuildFile; fileRef = 388D2A902C5ECC6600F1F0DE /* ambient2.mp3 */; };
		388D2A942C5F4F9D00F1F0DE /* AsyncFuncs.swift in Sources */ = {isa = PBXBuildFile; fileRef = 388D2A932C5F4F9D00F1F0DE /* AsyncFuncs.swift */; };
		388D2A962C5F500D00F1F0DE /* AsyncFuncs.swift in Sources */ = {isa = PBXBuildFile; fileRef = 388D2A932C5F4F9D00F1F0DE /* AsyncFuncs.swift */; };
		388D2A992C5F725F00F1F0DE /* LeaderboardView.swift in Sources */ = {isa = PBXBuildFile; fileRef = 388D2A982C5F725F00F1F0DE /* LeaderboardView.swift */; };
		388D2A9D2C5F7C6D00F1F0DE /* GameCenterView.swift in Sources */ = {isa = PBXBuildFile; fileRef = 388D2A9B2C5F7C6D00F1F0DE /* GameCenterView.swift */; };
		38A7259E2C4D24EF0031E9A5 /* TrialEndsInView.swift in Sources */ = {isa = PBXBuildFile; fileRef = 38A7259D2C4D24EF0031E9A5 /* TrialEndsInView.swift */; };
		38AE75082C1E094500DFB6A7 /* superghostApp.swift in Sources */ = {isa = PBXBuildFile; fileRef = 38AE75072C1E094500DFB6A7 /* superghostApp.swift */; };
		38AE750A2C1E094500DFB6A7 /* ContentView.swift in Sources */ = {isa = PBXBuildFile; fileRef = 38AE75092C1E094500DFB6A7 /* ContentView.swift */; };
		38AE750C2C1E094700DFB6A7 /* Assets.xcassets in Resources */ = {isa = PBXBuildFile; fileRef = 38AE750B2C1E094700DFB6A7 /* Assets.xcassets */; };
		38AE750F2C1E094700DFB6A7 /* Preview Assets.xcassets in Resources */ = {isa = PBXBuildFile; fileRef = 38AE750E2C1E094700DFB6A7 /* Preview Assets.xcassets */; };
		38AE75372C1E0A2F00DFB6A7 /* GameViewModel.swift in Sources */ = {isa = PBXBuildFile; fileRef = 38AE75362C1E0A2F00DFB6A7 /* GameViewModel.swift */; };
		38AE75392C1E0A4F00DFB6A7 /* GameView.swift in Sources */ = {isa = PBXBuildFile; fileRef = 38AE75382C1E0A4E00DFB6A7 /* GameView.swift */; };
		38AE753B2C1E0A6D00DFB6A7 /* LoadingView.swift in Sources */ = {isa = PBXBuildFile; fileRef = 38AE753A2C1E0A6D00DFB6A7 /* LoadingView.swift */; };
		38AE753D2C1E0A9D00DFB6A7 /* ApiLayer.swift in Sources */ = {isa = PBXBuildFile; fileRef = 38AE753C2C1E0A9D00DFB6A7 /* ApiLayer.swift */; };
		38AE753F2C1E0B2400DFB6A7 /* Alerts.swift in Sources */ = {isa = PBXBuildFile; fileRef = 38AE753E2C1E0B2400DFB6A7 /* Alerts.swift */; };
		38AF919C2C46D683003D100B /* WidgetKit.framework in Frameworks */ = {isa = PBXBuildFile; fileRef = 38A46C212C46C50F004950E3 /* WidgetKit.framework */; };
		38AF919D2C46D683003D100B /* SwiftUI.framework in Frameworks */ = {isa = PBXBuildFile; fileRef = 38A46C232C46C50F004950E3 /* SwiftUI.framework */; };
		38AF91A02C46D683003D100B /* gamestatsWidgetBundle.swift in Sources */ = {isa = PBXBuildFile; fileRef = 38AF919F2C46D683003D100B /* gamestatsWidgetBundle.swift */; };
		38AF91A22C46D683003D100B /* gamestatsWidget.swift in Sources */ = {isa = PBXBuildFile; fileRef = 38AF91A12C46D683003D100B /* gamestatsWidget.swift */; };
		38AF91A42C46D683003D100B /* AppIntent.swift in Sources */ = {isa = PBXBuildFile; fileRef = 38AF91A32C46D683003D100B /* AppIntent.swift */; };
		38AF91A62C46D685003D100B /* Assets.xcassets in Resources */ = {isa = PBXBuildFile; fileRef = 38AF91A52C46D685003D100B /* Assets.xcassets */; };
		38AF91AB2C46D685003D100B /* gamestatsWidgetExtension.appex in Embed Foundation Extensions */ = {isa = PBXBuildFile; fileRef = 38AF919B2C46D683003D100B /* gamestatsWidgetExtension.appex */; platformFilters = (ios, macos, ); settings = {ATTRIBUTES = (RemoveHeadersOnCopy, ); }; };
		38AF91B02C46D718003D100B /* GameStat.swift in Sources */ = {isa = PBXBuildFile; fileRef = 38B1BAD92C3ECC5B00E3E377 /* GameStat.swift */; };
		38B1BAD72C3ECBC100E3E377 /* Game.swift in Sources */ = {isa = PBXBuildFile; fileRef = 38B1BAD62C3ECBC100E3E377 /* Game.swift */; };
		38B1BADA2C3ECC5B00E3E377 /* GameStat.swift in Sources */ = {isa = PBXBuildFile; fileRef = 38B1BAD92C3ECC5B00E3E377 /* GameStat.swift */; };
		38B1BADD2C3ECCC100E3E377 /* User.swift in Sources */ = {isa = PBXBuildFile; fileRef = 38B1BADC2C3ECCC100E3E377 /* User.swift */; };
		38B4B1572C52498400F17CEA /* Localizable.xcstrings in Resources */ = {isa = PBXBuildFile; fileRef = 38B4B1562C52498400F17CEA /* Localizable.xcstrings */; };
		38B4B15A2C52498400F17CEA /* Localizable.xcstrings in Resources */ = {isa = PBXBuildFile; fileRef = 38B4B1562C52498400F17CEA /* Localizable.xcstrings */; };
		38C32F392C53AB47009D4E57 /* NotUpdating.swift in Sources */ = {isa = PBXBuildFile; fileRef = 38C32F382C53AB47009D4E57 /* NotUpdating.swift */; };
		38D75F702C418577000C0DDF /* revenuecatkey.txt in Resources */ = {isa = PBXBuildFile; fileRef = 38D75F6F2C418577000C0DDF /* revenuecatkey.txt */; };
		38D75F742C418629000C0DDF /* RevenueCat in Frameworks */ = {isa = PBXBuildFile; productRef = 38D75F732C418629000C0DDF /* RevenueCat */; };
		38D75F762C418629000C0DDF /* RevenueCatUI in Frameworks */ = {isa = PBXBuildFile; productRef = 38D75F752C418629000C0DDF /* RevenueCatUI */; };
		38D75F7D2C418643000C0DDF /* StoreKit.framework in Frameworks */ = {isa = PBXBuildFile; fileRef = 38D75F7C2C418643000C0DDF /* StoreKit.framework */; };
		38D75F812C418760000C0DDF /* superghosty.storekit in Resources */ = {isa = PBXBuildFile; fileRef = 38D75F802C418760000C0DDF /* superghosty.storekit */; };
		38D75F842C418B21000C0DDF /* PaywallView.swift in Sources */ = {isa = PBXBuildFile; fileRef = 38D75F832C418B21000C0DDF /* PaywallView.swift */; };
		38D75F872C42560A000C0DDF /* SettingsButton.swift in Sources */ = {isa = PBXBuildFile; fileRef = 38D75F862C425609000C0DDF /* SettingsButton.swift */; };
		38D75F8A2C425653000C0DDF /* StatsView.swift in Sources */ = {isa = PBXBuildFile; fileRef = 38D75F892C425653000C0DDF /* StatsView.swift */; };
		38D75F8D2C425693000C0DDF /* AsyncButton.swift in Sources */ = {isa = PBXBuildFile; fileRef = 38D75F8C2C425693000C0DDF /* AsyncButton.swift */; };
		38D75F902C42B422000C0DDF /* HomeView.swift in Sources */ = {isa = PBXBuildFile; fileRef = 38D75F8F2C42B422000C0DDF /* HomeView.swift */; };
		38D75F932C42B450000C0DDF /* WaitingGhost.swift in Sources */ = {isa = PBXBuildFile; fileRef = 38D75F922C42B450000C0DDF /* WaitingGhost.swift */; };
		38D75F962C42B6E1000C0DDF /* FirstUseView.swift in Sources */ = {isa = PBXBuildFile; fileRef = 38D75F952C42B6E1000C0DDF /* FirstUseView.swift */; };
		38D75F992C42B876000C0DDF /* PreviewModifier.swift in Sources */ = {isa = PBXBuildFile; fileRef = 38D75F982C42B876000C0DDF /* PreviewModifier.swift */; };
		38D75F9C2C42DC16000C0DDF /* InstructionsView.swift in Sources */ = {isa = PBXBuildFile; fileRef = 38D75F9B2C42DC16000C0DDF /* InstructionsView.swift */; };
/* End PBXBuildFile section */

/* Begin PBXContainerItemProxy section */
		38219ACB2C6258B1001A7C4F /* PBXContainerItemProxy */ = {
			isa = PBXContainerItemProxy;
			containerPortal = 38AE74FC2C1E094500DFB6A7 /* Project object */;
			proxyType = 1;
			remoteGlobalIDString = 38219ABE2C6258AF001A7C4F;
			remoteInfo = "Messages Extension";
		};
		38AF91A92C46D685003D100B /* PBXContainerItemProxy */ = {
			isa = PBXContainerItemProxy;
			containerPortal = 38AE74FC2C1E094500DFB6A7 /* Project object */;
			proxyType = 1;
			remoteGlobalIDString = 38AF919A2C46D683003D100B;
			remoteInfo = gamestatsWidgetExtension;
		};
/* End PBXContainerItemProxy section */

/* Begin PBXCopyFilesBuildPhase section */
		3808DB1E2C5272EB008939B4 /* Embed Watch Content */ = {
			isa = PBXCopyFilesBuildPhase;
			buildActionMask = 2147483647;
			dstPath = "$(CONTENTS_FOLDER_PATH)/Watch";
			dstSubfolderSpec = 16;
			files = (
			);
			name = "Embed Watch Content";
			runOnlyForDeploymentPostprocessing = 0;
		};
		38AF91AF2C46D685003D100B /* Embed Foundation Extensions */ = {
			isa = PBXCopyFilesBuildPhase;
			buildActionMask = 2147483647;
			dstPath = "";
			dstSubfolderSpec = 13;
			files = (
				38AF91AB2C46D685003D100B /* gamestatsWidgetExtension.appex in Embed Foundation Extensions */,
				38219ACD2C6258B1001A7C4F /* Messages Extension.appex in Embed Foundation Extensions */,
			);
			name = "Embed Foundation Extensions";
			runOnlyForDeploymentPostprocessing = 0;
		};
/* End PBXCopyFilesBuildPhase section */

/* Begin PBXFileReference section */
		381D838B2C3D1D24000ED639 /* superghost.entitlements */ = {isa = PBXFileReference; lastKnownFileType = text.plist.entitlements; path = superghost.entitlements; sourceTree = "<group>"; };
		381DE8342C34648600E6CB04 /* Appearance.swift */ = {isa = PBXFileReference; lastKnownFileType = sourcecode.swift; path = Appearance.swift; sourceTree = "<group>"; };
		38219AB32C601E34001A7C4F /* Messages.swift */ = {isa = PBXFileReference; lastKnownFileType = sourcecode.swift; path = Messages.swift; sourceTree = "<group>"; };
		38219AB52C60C546001A7C4F /* ContentPlaceHolderView.swift */ = {isa = PBXFileReference; lastKnownFileType = sourcecode.swift; path = ContentPlaceHolderView.swift; sourceTree = "<group>"; };
		38219AB72C60C604001A7C4F /* CircleButtonBorderStyle.swift */ = {isa = PBXFileReference; lastKnownFileType = sourcecode.swift; path = CircleButtonBorderStyle.swift; sourceTree = "<group>"; };
		38219AB92C60C9B3001A7C4F /* onChange.swift */ = {isa = PBXFileReference; lastKnownFileType = sourcecode.swift; path = onChange.swift; sourceTree = "<group>"; };
		38219ABF2C6258AF001A7C4F /* Messages Extension.appex */ = {isa = PBXFileReference; explicitFileType = "wrapper.app-extension"; includeInIndex = 0; path = "Messages Extension.appex"; sourceTree = BUILT_PRODUCTS_DIR; };
		38219AC02C6258AF001A7C4F /* Messages.framework */ = {isa = PBXFileReference; lastKnownFileType = wrapper.framework; name = Messages.framework; path = System/Library/Frameworks/Messages.framework; sourceTree = SDKROOT; };
		38219AD62C626EE1001A7C4F /* LetterPicker.swift */ = {isa = PBXFileReference; lastKnownFileType = sourcecode.swift; path = LetterPicker.swift; sourceTree = "<group>"; };
		38219ADA2C626F99001A7C4F /* SingleLetterPicker.swift */ = {isa = PBXFileReference; lastKnownFileType = sourcecode.swift; path = SingleLetterPicker.swift; sourceTree = "<group>"; };
		383C66812C2DE99D003A62B3 /* Info.plist */ = {isa = PBXFileReference; lastKnownFileType = text.plist; path = Info.plist; sourceTree = "<group>"; };
		383C66822C2DE9EE003A62B3 /* SUPER-2.png */ = {isa = PBXFileReference; lastKnownFileType = image.png; path = "SUPER-2.png"; sourceTree = "<group>"; };
		384497F92C5E88CE00DE24CF /* SoundManager.swift */ = {isa = PBXFileReference; lastKnownFileType = sourcecode.swift; path = SoundManager.swift; sourceTree = "<group>"; };
		384497FC2C5E8D1400DE24CF /* ambient.mp3 */ = {isa = PBXFileReference; lastKnownFileType = audio.mp3; path = ambient.mp3; sourceTree = "<group>"; };
		384497FD2C5E8D1400DE24CF /* laughingGhost.mp3 */ = {isa = PBXFileReference; lastKnownFileType = audio.mp3; path = laughingGhost.mp3; sourceTree = "<group>"; };
		384497FE2C5E8D1400DE24CF /* scream.mp3 */ = {isa = PBXFileReference; lastKnownFileType = audio.mp3; path = scream.mp3; sourceTree = "<group>"; };
		384EA6FF2C522E190000FE39 /* CloudStoragePropertyWrapper.swift */ = {isa = PBXFileReference; lastKnownFileType = sourcecode.swift; path = CloudStoragePropertyWrapper.swift; sourceTree = "<group>"; };
		387CD6FB2C5DB0D200DF79DD /* waitingGhost.mov */ = {isa = PBXFileReference; lastKnownFileType = video.quicktime; path = waitingGhost.mov; sourceTree = "<group>"; };
		388D2A902C5ECC6600F1F0DE /* ambient2.mp3 */ = {isa = PBXFileReference; lastKnownFileType = audio.mp3; path = ambient2.mp3; sourceTree = "<group>"; };
		388D2A932C5F4F9D00F1F0DE /* AsyncFuncs.swift */ = {isa = PBXFileReference; lastKnownFileType = sourcecode.swift; path = AsyncFuncs.swift; sourceTree = "<group>"; };
		388D2A982C5F725F00F1F0DE /* LeaderboardView.swift */ = {isa = PBXFileReference; lastKnownFileType = sourcecode.swift; path = LeaderboardView.swift; sourceTree = "<group>"; };
		388D2A9B2C5F7C6D00F1F0DE /* GameCenterView.swift */ = {isa = PBXFileReference; lastKnownFileType = sourcecode.swift; path = GameCenterView.swift; sourceTree = "<group>"; };
		38A46C212C46C50F004950E3 /* WidgetKit.framework */ = {isa = PBXFileReference; lastKnownFileType = wrapper.framework; name = WidgetKit.framework; path = System/Library/Frameworks/WidgetKit.framework; sourceTree = SDKROOT; };
		38A46C232C46C50F004950E3 /* SwiftUI.framework */ = {isa = PBXFileReference; lastKnownFileType = wrapper.framework; name = SwiftUI.framework; path = System/Library/Frameworks/SwiftUI.framework; sourceTree = SDKROOT; };
		38A7259D2C4D24EF0031E9A5 /* TrialEndsInView.swift */ = {isa = PBXFileReference; lastKnownFileType = sourcecode.swift; path = TrialEndsInView.swift; sourceTree = "<group>"; };
		38AE75042C1E094500DFB6A7 /* superghost.app */ = {isa = PBXFileReference; explicitFileType = wrapper.application; includeInIndex = 0; path = superghost.app; sourceTree = BUILT_PRODUCTS_DIR; };
		38AE75072C1E094500DFB6A7 /* superghostApp.swift */ = {isa = PBXFileReference; lastKnownFileType = sourcecode.swift; path = superghostApp.swift; sourceTree = "<group>"; };
		38AE75092C1E094500DFB6A7 /* ContentView.swift */ = {isa = PBXFileReference; lastKnownFileType = sourcecode.swift; path = ContentView.swift; sourceTree = "<group>"; };
		38AE750B2C1E094700DFB6A7 /* Assets.xcassets */ = {isa = PBXFileReference; lastKnownFileType = folder.assetcatalog; path = Assets.xcassets; sourceTree = "<group>"; };
		38AE750E2C1E094700DFB6A7 /* Preview Assets.xcassets */ = {isa = PBXFileReference; lastKnownFileType = folder.assetcatalog; path = "Preview Assets.xcassets"; sourceTree = "<group>"; };
		38AE75362C1E0A2F00DFB6A7 /* GameViewModel.swift */ = {isa = PBXFileReference; lastKnownFileType = sourcecode.swift; path = GameViewModel.swift; sourceTree = "<group>"; };
		38AE75382C1E0A4E00DFB6A7 /* GameView.swift */ = {isa = PBXFileReference; lastKnownFileType = sourcecode.swift; path = GameView.swift; sourceTree = "<group>"; };
		38AE753A2C1E0A6D00DFB6A7 /* LoadingView.swift */ = {isa = PBXFileReference; lastKnownFileType = sourcecode.swift; path = LoadingView.swift; sourceTree = "<group>"; };
		38AE753C2C1E0A9D00DFB6A7 /* ApiLayer.swift */ = {isa = PBXFileReference; lastKnownFileType = sourcecode.swift; path = ApiLayer.swift; sourceTree = "<group>"; };
		38AE753E2C1E0B2400DFB6A7 /* Alerts.swift */ = {isa = PBXFileReference; lastKnownFileType = sourcecode.swift; path = Alerts.swift; sourceTree = "<group>"; };
		38AF919B2C46D683003D100B /* gamestatsWidgetExtension.appex */ = {isa = PBXFileReference; explicitFileType = "wrapper.app-extension"; includeInIndex = 0; path = gamestatsWidgetExtension.appex; sourceTree = BUILT_PRODUCTS_DIR; };
		38AF919F2C46D683003D100B /* gamestatsWidgetBundle.swift */ = {isa = PBXFileReference; lastKnownFileType = sourcecode.swift; path = gamestatsWidgetBundle.swift; sourceTree = "<group>"; };
		38AF91A12C46D683003D100B /* gamestatsWidget.swift */ = {isa = PBXFileReference; lastKnownFileType = sourcecode.swift; path = gamestatsWidget.swift; sourceTree = "<group>"; };
		38AF91A32C46D683003D100B /* AppIntent.swift */ = {isa = PBXFileReference; lastKnownFileType = sourcecode.swift; path = AppIntent.swift; sourceTree = "<group>"; };
		38AF91A52C46D685003D100B /* Assets.xcassets */ = {isa = PBXFileReference; lastKnownFileType = folder.assetcatalog; path = Assets.xcassets; sourceTree = "<group>"; };
		38AF91A72C46D685003D100B /* Info.plist */ = {isa = PBXFileReference; lastKnownFileType = text.plist.xml; path = Info.plist; sourceTree = "<group>"; };
		38AF91A82C46D685003D100B /* gamestatsWidget.entitlements */ = {isa = PBXFileReference; lastKnownFileType = text.plist.entitlements; path = gamestatsWidget.entitlements; sourceTree = "<group>"; };
		38B1BAD62C3ECBC100E3E377 /* Game.swift */ = {isa = PBXFileReference; lastKnownFileType = sourcecode.swift; path = Game.swift; sourceTree = "<group>"; };
		38B1BAD92C3ECC5B00E3E377 /* GameStat.swift */ = {isa = PBXFileReference; lastKnownFileType = sourcecode.swift; path = GameStat.swift; sourceTree = "<group>"; };
		38B1BADC2C3ECCC100E3E377 /* User.swift */ = {isa = PBXFileReference; lastKnownFileType = sourcecode.swift; path = User.swift; sourceTree = "<group>"; };
		38B4B1562C52498400F17CEA /* Localizable.xcstrings */ = {isa = PBXFileReference; lastKnownFileType = text.json.xcstrings; path = Localizable.xcstrings; sourceTree = "<group>"; };
		38C32F382C53AB47009D4E57 /* NotUpdating.swift */ = {isa = PBXFileReference; lastKnownFileType = sourcecode.swift; path = NotUpdating.swift; sourceTree = "<group>"; };
		38D75F6F2C418577000C0DDF /* revenuecatkey.txt */ = {isa = PBXFileReference; fileEncoding = 4; lastKnownFileType = text; path = revenuecatkey.txt; sourceTree = "<group>"; };
		38D75F7C2C418643000C0DDF /* StoreKit.framework */ = {isa = PBXFileReference; lastKnownFileType = wrapper.framework; name = StoreKit.framework; path = Platforms/XROS.platform/Developer/SDKs/XROS1.2.sdk/System/Library/Frameworks/StoreKit.framework; sourceTree = DEVELOPER_DIR; };
		38D75F7E2C418647000C0DDF /* StoreKit.framework */ = {isa = PBXFileReference; lastKnownFileType = wrapper.framework; name = StoreKit.framework; path = Platforms/WatchOS.platform/Developer/SDKs/WatchOS10.5.sdk/System/Library/Frameworks/StoreKit.framework; sourceTree = DEVELOPER_DIR; };
		38D75F802C418760000C0DDF /* superghosty.storekit */ = {isa = PBXFileReference; fileEncoding = 4; lastKnownFileType = text; path = superghosty.storekit; sourceTree = "<group>"; };
		38D75F832C418B21000C0DDF /* PaywallView.swift */ = {isa = PBXFileReference; lastKnownFileType = sourcecode.swift; path = PaywallView.swift; sourceTree = "<group>"; };
		38D75F862C425609000C0DDF /* SettingsButton.swift */ = {isa = PBXFileReference; lastKnownFileType = sourcecode.swift; path = SettingsButton.swift; sourceTree = "<group>"; };
		38D75F892C425653000C0DDF /* StatsView.swift */ = {isa = PBXFileReference; lastKnownFileType = sourcecode.swift; path = StatsView.swift; sourceTree = "<group>"; };
		38D75F8C2C425693000C0DDF /* AsyncButton.swift */ = {isa = PBXFileReference; lastKnownFileType = sourcecode.swift; path = AsyncButton.swift; sourceTree = "<group>"; };
		38D75F8F2C42B422000C0DDF /* HomeView.swift */ = {isa = PBXFileReference; lastKnownFileType = sourcecode.swift; path = HomeView.swift; sourceTree = "<group>"; };
		38D75F922C42B450000C0DDF /* WaitingGhost.swift */ = {isa = PBXFileReference; lastKnownFileType = sourcecode.swift; path = WaitingGhost.swift; sourceTree = "<group>"; };
		38D75F952C42B6E1000C0DDF /* FirstUseView.swift */ = {isa = PBXFileReference; lastKnownFileType = sourcecode.swift; path = FirstUseView.swift; sourceTree = "<group>"; };
		38D75F982C42B876000C0DDF /* PreviewModifier.swift */ = {isa = PBXFileReference; lastKnownFileType = sourcecode.swift; path = PreviewModifier.swift; sourceTree = "<group>"; };
		38D75F9B2C42DC16000C0DDF /* InstructionsView.swift */ = {isa = PBXFileReference; lastKnownFileType = sourcecode.swift; path = InstructionsView.swift; sourceTree = "<group>"; };
/* End PBXFileReference section */

/* Begin PBXFileSystemSynchronizedBuildFileExceptionSet section */
		38219ACE2C6258B1001A7C4F /* PBXFileSystemSynchronizedBuildFileExceptionSet */ = {
			isa = PBXFileSystemSynchronizedBuildFileExceptionSet;
			membershipExceptions = (
				Info.plist,
			);
			target = 38219ABE2C6258AF001A7C4F /* Messages Extension */;
		};
/* End PBXFileSystemSynchronizedBuildFileExceptionSet section */

/* Begin PBXFileSystemSynchronizedRootGroup section */
		38219AC22C6258AF001A7C4F /* Messages Extension */ = {isa = PBXFileSystemSynchronizedRootGroup; exceptions = (38219ACE2C6258B1001A7C4F /* PBXFileSystemSynchronizedBuildFileExceptionSet */, ); explicitFileTypes = {}; explicitFolders = (); path = "Messages Extension"; sourceTree = "<group>"; };
/* End PBXFileSystemSynchronizedRootGroup section */

/* Begin PBXFrameworksBuildPhase section */
		38219ABC2C6258AF001A7C4F /* Frameworks */ = {
			isa = PBXFrameworksBuildPhase;
			buildActionMask = 2147483647;
			files = (
				38219AC12C6258AF001A7C4F /* Messages.framework in Frameworks */,
			);
			runOnlyForDeploymentPostprocessing = 0;
		};
		38AE75012C1E094500DFB6A7 /* Frameworks */ = {
			isa = PBXFrameworksBuildPhase;
			buildActionMask = 2147483647;
			files = (
				38D75F7D2C418643000C0DDF /* StoreKit.framework in Frameworks */,
				38D75F762C418629000C0DDF /* RevenueCatUI in Frameworks */,
				38D75F742C418629000C0DDF /* RevenueCat in Frameworks */,
			);
			runOnlyForDeploymentPostprocessing = 0;
		};
		38AF91982C46D683003D100B /* Frameworks */ = {
			isa = PBXFrameworksBuildPhase;
			buildActionMask = 2147483647;
			files = (
				38AF919D2C46D683003D100B /* SwiftUI.framework in Frameworks */,
				38AF919C2C46D683003D100B /* WidgetKit.framework in Frameworks */,
			);
			runOnlyForDeploymentPostprocessing = 0;
		};
/* End PBXFrameworksBuildPhase section */

/* Begin PBXGroup section */
		38AE74FB2C1E094500DFB6A7 = {
			isa = PBXGroup;
			children = (
				383C66822C2DE9EE003A62B3 /* SUPER-2.png */,
				38AE75062C1E094500DFB6A7 /* superghost */,
				38AF919E2C46D683003D100B /* gamestatsWidget */,
				38219AC22C6258AF001A7C4F /* Messages Extension */,
				38AE75052C1E094500DFB6A7 /* Products */,
				38D75F772C418634000C0DDF /* Frameworks */,
			);
			sourceTree = "<group>";
		};
		38AE75052C1E094500DFB6A7 /* Products */ = {
			isa = PBXGroup;
			children = (
				38AE75042C1E094500DFB6A7 /* superghost.app */,
				38AF919B2C46D683003D100B /* gamestatsWidgetExtension.appex */,
				38219ABF2C6258AF001A7C4F /* Messages Extension.appex */,
			);
			name = Products;
			sourceTree = "<group>";
		};
		38AE75062C1E094500DFB6A7 /* superghost */ = {
			isa = PBXGroup;
			children = (
				387CD6FB2C5DB0D200DF79DD /* waitingGhost.mov */,
				384497FC2C5E8D1400DE24CF /* ambient.mp3 */,
				388D2A902C5ECC6600F1F0DE /* ambient2.mp3 */,
				384497FD2C5E8D1400DE24CF /* laughingGhost.mp3 */,
				384497FE2C5E8D1400DE24CF /* scream.mp3 */,
				38A7259D2C4D24EF0031E9A5 /* TrialEndsInView.swift */,
				38B4B1562C52498400F17CEA /* Localizable.xcstrings */,
				38D75F9B2C42DC16000C0DDF /* InstructionsView.swift */,
				381D838B2C3D1D24000ED639 /* superghost.entitlements */,
				383C66812C2DE99D003A62B3 /* Info.plist */,
				38AE75072C1E094500DFB6A7 /* superghostApp.swift */,
				384497F92C5E88CE00DE24CF /* SoundManager.swift */,
				38C32F382C53AB47009D4E57 /* NotUpdating.swift */,
				38D75F922C42B450000C0DDF /* WaitingGhost.swift */,
				38D75F8F2C42B422000C0DDF /* HomeView.swift */,
				388D2A982C5F725F00F1F0DE /* LeaderboardView.swift */,
				38219AB72C60C604001A7C4F /* CircleButtonBorderStyle.swift */,
				388D2A9B2C5F7C6D00F1F0DE /* GameCenterView.swift */,
				38D75F8C2C425693000C0DDF /* AsyncButton.swift */,
				38D75F892C425653000C0DDF /* StatsView.swift */,
				384EA6FF2C522E190000FE39 /* CloudStoragePropertyWrapper.swift */,
				38AE75092C1E094500DFB6A7 /* ContentView.swift */,
				38D75F952C42B6E1000C0DDF /* FirstUseView.swift */,
				38219AB32C601E34001A7C4F /* Messages.swift */,
				38D75F982C42B876000C0DDF /* PreviewModifier.swift */,
				38D75F862C425609000C0DDF /* SettingsButton.swift */,
				38D75F832C418B21000C0DDF /* PaywallView.swift */,
				38219AB92C60C9B3001A7C4F /* onChange.swift */,
				38219AB52C60C546001A7C4F /* ContentPlaceHolderView.swift */,
				381DE8342C34648600E6CB04 /* Appearance.swift */,
				38AE75362C1E0A2F00DFB6A7 /* GameViewModel.swift */,
				38B1BADC2C3ECCC100E3E377 /* User.swift */,
				38B1BAD62C3ECBC100E3E377 /* Game.swift */,
				38B1BAD92C3ECC5B00E3E377 /* GameStat.swift */,
				388D2A932C5F4F9D00F1F0DE /* AsyncFuncs.swift */,
				38AE753E2C1E0B2400DFB6A7 /* Alerts.swift */,
				38AE75382C1E0A4E00DFB6A7 /* GameView.swift */,
				38219AD62C626EE1001A7C4F /* LetterPicker.swift */,
				38219ADA2C626F99001A7C4F /* SingleLetterPicker.swift */,
				38AE753A2C1E0A6D00DFB6A7 /* LoadingView.swift */,
				38AE753C2C1E0A9D00DFB6A7 /* ApiLayer.swift */,
				38D75F6F2C418577000C0DDF /* revenuecatkey.txt */,
				38D75F802C418760000C0DDF /* superghosty.storekit */,
				38AE750B2C1E094700DFB6A7 /* Assets.xcassets */,
				38AE750D2C1E094700DFB6A7 /* Preview Content */,
			);
			path = superghost;
			sourceTree = "<group>";
		};
		38AE750D2C1E094700DFB6A7 /* Preview Content */ = {
			isa = PBXGroup;
			children = (
				38AE750E2C1E094700DFB6A7 /* Preview Assets.xcassets */,
			);
			path = "Preview Content";
			sourceTree = "<group>";
		};
		38AF919E2C46D683003D100B /* gamestatsWidget */ = {
			isa = PBXGroup;
			children = (
				38AF919F2C46D683003D100B /* gamestatsWidgetBundle.swift */,
				38AF91A12C46D683003D100B /* gamestatsWidget.swift */,
				38AF91A32C46D683003D100B /* AppIntent.swift */,
				38AF91A52C46D685003D100B /* Assets.xcassets */,
				38AF91A72C46D685003D100B /* Info.plist */,
				38AF91A82C46D685003D100B /* gamestatsWidget.entitlements */,
			);
			path = gamestatsWidget;
			sourceTree = "<group>";
		};
		38D75F772C418634000C0DDF /* Frameworks */ = {
			isa = PBXGroup;
			children = (
				38D75F7E2C418647000C0DDF /* StoreKit.framework */,
				38D75F7C2C418643000C0DDF /* StoreKit.framework */,
				38A46C212C46C50F004950E3 /* WidgetKit.framework */,
				38A46C232C46C50F004950E3 /* SwiftUI.framework */,
				38219AC02C6258AF001A7C4F /* Messages.framework */,
			);
			name = Frameworks;
			sourceTree = "<group>";
		};
/* End PBXGroup section */

/* Begin PBXNativeTarget section */
		38219ABE2C6258AF001A7C4F /* Messages Extension */ = {
			isa = PBXNativeTarget;
			buildConfigurationList = 38219ACF2C6258B1001A7C4F /* Build configuration list for PBXNativeTarget "Messages Extension" */;
			buildPhases = (
				38219ABB2C6258AF001A7C4F /* Sources */,
				38219ABC2C6258AF001A7C4F /* Frameworks */,
				38219ABD2C6258AF001A7C4F /* Resources */,
			);
			buildRules = (
			);
			dependencies = (
			);
			fileSystemSynchronizedGroups = (
				38219AC22C6258AF001A7C4F /* Messages Extension */,
			);
			name = "Messages Extension";
			packageProductDependencies = (
			);
			productName = "Messages Extension";
			productReference = 38219ABF2C6258AF001A7C4F /* Messages Extension.appex */;
			productType = "com.apple.product-type.app-extension.messages";
		};
		38AE75032C1E094500DFB6A7 /* superghost */ = {
			isa = PBXNativeTarget;
			buildConfigurationList = 38AE75282C1E094700DFB6A7 /* Build configuration list for PBXNativeTarget "superghost" */;
			buildPhases = (
				382A7E582C4423180067B51B /* Run Script */,
				38AE75002C1E094500DFB6A7 /* Sources */,
				38AE75012C1E094500DFB6A7 /* Frameworks */,
				38AE75022C1E094500DFB6A7 /* Resources */,
				38AF91AF2C46D685003D100B /* Embed Foundation Extensions */,
				3808DB1E2C5272EB008939B4 /* Embed Watch Content */,
			);
			buildRules = (
			);
			dependencies = (
				38AF91AA2C46D685003D100B /* PBXTargetDependency */,
				38219ACC2C6258B1001A7C4F /* PBXTargetDependency */,
			);
			name = superghost;
			packageProductDependencies = (
				38D75F732C418629000C0DDF /* RevenueCat */,
				38D75F752C418629000C0DDF /* RevenueCatUI */,
			);
			productName = superghost;
			productReference = 38AE75042C1E094500DFB6A7 /* superghost.app */;
			productType = "com.apple.product-type.application";
		};
		38AF919A2C46D683003D100B /* gamestatsWidgetExtension */ = {
			isa = PBXNativeTarget;
			buildConfigurationList = 38AF91AC2C46D685003D100B /* Build configuration list for PBXNativeTarget "gamestatsWidgetExtension" */;
			buildPhases = (
				38AF91972C46D683003D100B /* Sources */,
				38AF91982C46D683003D100B /* Frameworks */,
				38AF91992C46D683003D100B /* Resources */,
			);
			buildRules = (
			);
			dependencies = (
			);
			name = gamestatsWidgetExtension;
			productName = gamestatsWidgetExtension;
			productReference = 38AF919B2C46D683003D100B /* gamestatsWidgetExtension.appex */;
			productType = "com.apple.product-type.app-extension";
		};
/* End PBXNativeTarget section */

/* Begin PBXProject section */
		38AE74FC2C1E094500DFB6A7 /* Project object */ = {
			isa = PBXProject;
			attributes = {
				BuildIndependentTargetsInParallel = 1;
				LastSwiftUpdateCheck = 1600;
				LastUpgradeCheck = 1540;
				TargetAttributes = {
					38219ABE2C6258AF001A7C4F = {
						CreatedOnToolsVersion = 16.0;
					};
					38AE75032C1E094500DFB6A7 = {
						CreatedOnToolsVersion = 15.4;
					};
					38AF919A2C46D683003D100B = {
						CreatedOnToolsVersion = 15.4;
					};
				};
			};
			buildConfigurationList = 38AE74FF2C1E094500DFB6A7 /* Build configuration list for PBXProject "superghost" */;
			compatibilityVersion = "Xcode 15.0";
			developmentRegion = en;
			hasScannedForEncodings = 0;
			knownRegions = (
				en,
				Base,
				"zh-HK",
			);
			mainGroup = 38AE74FB2C1E094500DFB6A7;
			packageReferences = (
				38D75F722C418629000C0DDF /* XCRemoteSwiftPackageReference "purchases-ios" */,
			);
			productRefGroup = 38AE75052C1E094500DFB6A7 /* Products */;
			projectDirPath = "";
			projectRoot = "";
			targets = (
				38AE75032C1E094500DFB6A7 /* superghost */,
				38AF919A2C46D683003D100B /* gamestatsWidgetExtension */,
				38219ABE2C6258AF001A7C4F /* Messages Extension */,
			);
		};
/* End PBXProject section */

/* Begin PBXResourcesBuildPhase section */
		38219ABD2C6258AF001A7C4F /* Resources */ = {
			isa = PBXResourcesBuildPhase;
			buildActionMask = 2147483647;
			files = (
			);
			runOnlyForDeploymentPostprocessing = 0;
		};
		38AE75022C1E094500DFB6A7 /* Resources */ = {
			isa = PBXResourcesBuildPhase;
			buildActionMask = 2147483647;
			files = (
				383C66832C2DE9EE003A62B3 /* SUPER-2.png in Resources */,
				38AE750F2C1E094700DFB6A7 /* Preview Assets.xcassets in Resources */,
				38B4B1572C52498400F17CEA /* Localizable.xcstrings in Resources */,
				38D75F702C418577000C0DDF /* revenuecatkey.txt in Resources */,
				38AE750C2C1E094700DFB6A7 /* Assets.xcassets in Resources */,
				387CD6FC2C5DB0D200DF79DD /* waitingGhost.mov in Resources */,
				388D2A922C5ECC6600F1F0DE /* ambient2.mp3 in Resources */,
				38D75F812C418760000C0DDF /* superghosty.storekit in Resources */,
				384497FF2C5E8D1400DE24CF /* scream.mp3 in Resources */,
				384498002C5E8D1400DE24CF /* ambient.mp3 in Resources */,
				384498012C5E8D1400DE24CF /* laughingGhost.mp3 in Resources */,
			);
			runOnlyForDeploymentPostprocessing = 0;
		};
		38AF91992C46D683003D100B /* Resources */ = {
			isa = PBXResourcesBuildPhase;
			buildActionMask = 2147483647;
			files = (
				38B4B15A2C52498400F17CEA /* Localizable.xcstrings in Resources */,
				38AF91A62C46D685003D100B /* Assets.xcassets in Resources */,
			);
			runOnlyForDeploymentPostprocessing = 0;
		};
/* End PBXResourcesBuildPhase section */

/* Begin PBXShellScriptBuildPhase section */
		382A7E582C4423180067B51B /* Run Script */ = {
			isa = PBXShellScriptBuildPhase;
			alwaysOutOfDate = 1;
			buildActionMask = 8;
			files = (
			);
			inputFileListPaths = (
			);
			inputPaths = (
			);
			name = "Run Script";
			outputFileListPaths = (
			);
			outputPaths = (
				"$(SRCROOT)/superghost/revenuecatkey.txt",
			);
			runOnlyForDeploymentPostprocessing = 1;
			shellPath = /bin/sh;
			shellScript = "echo \"Running script to embed revenuecatkey...\"\n\n# Check if the environment variable is set\nif [ -z \"$revenuecatkey\" ]; then\n    echo \"Error: Environment variable 'revenuecatkey' is #not set.\"\n    exit 1\nfi\n\n# Write the environment variable to the file\necho \"$revenuecatkey\" > \"${SRCROOT}/superghost/revenuecatkey.txt\"\n\n# Verify the file was created\nif [ ! -f \"${SRCROOT}/superghost/revenuecatkey.txt\" ]; then\n    echo \"Error: Failed to create revenuecatkey.txt\"\n    exit 1\nfi\n\necho \"Successfully wrote revenuecatkey to ${SRCROOT}/superghost/revenuecatkey.txt\"\n";
			showEnvVarsInLog = 0;
		};
/* End PBXShellScriptBuildPhase section */

/* Begin PBXSourcesBuildPhase section */
		38219ABB2C6258AF001A7C4F /* Sources */ = {
			isa = PBXSourcesBuildPhase;
			buildActionMask = 2147483647;
			files = (
				38219ADF2C636D21001A7C4F /* ContentPlaceHolderView.swift in Sources */,
				38219ADC2C626F99001A7C4F /* SingleLetterPicker.swift in Sources */,
				38219AD92C626F4D001A7C4F /* Appearance.swift in Sources */,
				38219AE02C636DBC001A7C4F /* AsyncFuncs.swift in Sources */,
				38219ADE2C636D10001A7C4F /* GameStat.swift in Sources */,
				38219AD32C625C5C001A7C4F /* onChange.swift in Sources */,
				38219ADD2C636CBF001A7C4F /* Alerts.swift in Sources */,
				38219AD52C626176001A7C4F /* AsyncButton.swift in Sources */,
			);
			runOnlyForDeploymentPostprocessing = 0;
		};
		38AE75002C1E094500DFB6A7 /* Sources */ = {
			isa = PBXSourcesBuildPhase;
			buildActionMask = 2147483647;
			files = (
				384EA7002C522E190000FE39 /* CloudStoragePropertyWrapper.swift in Sources */,
				38D75F932C42B450000C0DDF /* WaitingGhost.swift in Sources */,
				38D75F9C2C42DC16000C0DDF /* InstructionsView.swift in Sources */,
				38AE75372C1E0A2F00DFB6A7 /* GameViewModel.swift in Sources */,
				38A7259E2C4D24EF0031E9A5 /* TrialEndsInView.swift in Sources */,
				38219ADB2C626F99001A7C4F /* SingleLetterPicker.swift in Sources */,
				38D75F842C418B21000C0DDF /* PaywallView.swift in Sources */,
				38B1BAD72C3ECBC100E3E377 /* Game.swift in Sources */,
				38AE750A2C1E094500DFB6A7 /* ContentView.swift in Sources */,
				38AE75392C1E0A4F00DFB6A7 /* GameView.swift in Sources */,
				38D75F872C42560A000C0DDF /* SettingsButton.swift in Sources */,
				38219AB62C60C546001A7C4F /* ContentPlaceHolderView.swift in Sources */,
				381DE8352C34648600E6CB04 /* Appearance.swift in Sources */,
				38AE753B2C1E0A6D00DFB6A7 /* LoadingView.swift in Sources */,
				388D2A992C5F725F00F1F0DE /* LeaderboardView.swift in Sources */,
				38D75F992C42B876000C0DDF /* PreviewModifier.swift in Sources */,
				38219AB82C60C604001A7C4F /* CircleButtonBorderStyle.swift in Sources */,
				38AE753D2C1E0A9D00DFB6A7 /* ApiLayer.swift in Sources */,
				38AE753F2C1E0B2400DFB6A7 /* Alerts.swift in Sources */,
				38AE75082C1E094500DFB6A7 /* superghostApp.swift in Sources */,
				38219AB42C601E34001A7C4F /* Messages.swift in Sources */,
				388D2A942C5F4F9D00F1F0DE /* AsyncFuncs.swift in Sources */,
				38D75F8D2C425693000C0DDF /* AsyncButton.swift in Sources */,
				384497FB2C5E88CE00DE24CF /* SoundManager.swift in Sources */,
				38B1BADA2C3ECC5B00E3E377 /* GameStat.swift in Sources */,
				38219ABA2C60C9B3001A7C4F /* onChange.swift in Sources */,
				388D2A9D2C5F7C6D00F1F0DE /* GameCenterView.swift in Sources */,
				38C32F392C53AB47009D4E57 /* NotUpdating.swift in Sources */,
				38219AD72C626EE1001A7C4F /* LetterPicker.swift in Sources */,
				38D75F902C42B422000C0DDF /* HomeView.swift in Sources */,
				38D75F8A2C425653000C0DDF /* StatsView.swift in Sources */,
				38B1BADD2C3ECCC100E3E377 /* User.swift in Sources */,
				38D75F962C42B6E1000C0DDF /* FirstUseView.swift in Sources */,
			);
			runOnlyForDeploymentPostprocessing = 0;
		};
		38AF91972C46D683003D100B /* Sources */ = {
			isa = PBXSourcesBuildPhase;
			buildActionMask = 2147483647;
			files = (
				388D2A962C5F500D00F1F0DE /* AsyncFuncs.swift in Sources */,
				38AF91A02C46D683003D100B /* gamestatsWidgetBundle.swift in Sources */,
				38AF91A22C46D683003D100B /* gamestatsWidget.swift in Sources */,
				38AF91A42C46D683003D100B /* AppIntent.swift in Sources */,
				384EA7032C5234BF0000FE39 /* CloudStoragePropertyWrapper.swift in Sources */,
				38AF91B02C46D718003D100B /* GameStat.swift in Sources */,
			);
			runOnlyForDeploymentPostprocessing = 0;
		};
/* End PBXSourcesBuildPhase section */

/* Begin PBXTargetDependency section */
		38219ACC2C6258B1001A7C4F /* PBXTargetDependency */ = {
			isa = PBXTargetDependency;
			platformFilters = (
				ios,
				xros,
			);
			target = 38219ABE2C6258AF001A7C4F /* Messages Extension */;
			targetProxy = 38219ACB2C6258B1001A7C4F /* PBXContainerItemProxy */;
		};
		38AF91AA2C46D685003D100B /* PBXTargetDependency */ = {
			isa = PBXTargetDependency;
			platformFilters = (
				ios,
				macos,
			);
			target = 38AF919A2C46D683003D100B /* gamestatsWidgetExtension */;
			targetProxy = 38AF91A92C46D685003D100B /* PBXContainerItemProxy */;
		};
/* End PBXTargetDependency section */

/* Begin XCBuildConfiguration section */
		38219AD02C6258B1001A7C4F /* Debug */ = {
			isa = XCBuildConfiguration;
			buildSettings = {
				ASSETCATALOG_COMPILER_APPICON_NAME = "iMessage App Icon";
				CODE_SIGN_ENTITLEMENTS = "Messages Extension/Messages Extension.entitlements";
				CODE_SIGN_STYLE = Automatic;
				CURRENT_PROJECT_VERSION = 1;
				DEVELOPMENT_TEAM = X5933694SW;
				GENERATE_INFOPLIST_FILE = YES;
				INFOPLIST_FILE = "Messages Extension/Info.plist";
				INFOPLIST_KEY_CFBundleDisplayName = Superghost;
				INFOPLIST_KEY_NSHumanReadableCopyright = "";
				IPHONEOS_DEPLOYMENT_TARGET = 16.1;
				LD_RUNPATH_SEARCH_PATHS = (
					"$(inherited)",
					"@executable_path/Frameworks",
					"@executable_path/../../Frameworks",
				);
				MARKETING_VERSION = 1.0;
				PRODUCT_BUNDLE_IDENTIFIER = "com.nagel.superghost.Messages-Extension";
				PRODUCT_NAME = "$(TARGET_NAME)";
				SKIP_INSTALL = YES;
				SWIFT_EMIT_LOC_STRINGS = YES;
				SWIFT_VERSION = 5.0;
				TARGETED_DEVICE_FAMILY = "1,2";
			};
			name = Debug;
		};
		38219AD12C6258B1001A7C4F /* Release */ = {
			isa = XCBuildConfiguration;
			buildSettings = {
				ASSETCATALOG_COMPILER_APPICON_NAME = "iMessage App Icon";
				CODE_SIGN_ENTITLEMENTS = "Messages Extension/Messages Extension.entitlements";
				CODE_SIGN_STYLE = Automatic;
				CURRENT_PROJECT_VERSION = 1;
				DEVELOPMENT_TEAM = X5933694SW;
				GENERATE_INFOPLIST_FILE = YES;
				INFOPLIST_FILE = "Messages Extension/Info.plist";
				INFOPLIST_KEY_CFBundleDisplayName = Superghost;
				INFOPLIST_KEY_NSHumanReadableCopyright = "";
				IPHONEOS_DEPLOYMENT_TARGET = 16.1;
				LD_RUNPATH_SEARCH_PATHS = (
					"$(inherited)",
					"@executable_path/Frameworks",
					"@executable_path/../../Frameworks",
				);
				MARKETING_VERSION = 1.0;
				PRODUCT_BUNDLE_IDENTIFIER = "com.nagel.superghost.Messages-Extension";
				PRODUCT_NAME = "$(TARGET_NAME)";
				SKIP_INSTALL = YES;
				SWIFT_EMIT_LOC_STRINGS = YES;
				SWIFT_VERSION = 5.0;
				TARGETED_DEVICE_FAMILY = "1,2";
			};
			name = Release;
		};
		38AE75262C1E094700DFB6A7 /* Debug */ = {
			isa = XCBuildConfiguration;
			buildSettings = {
				ALWAYS_SEARCH_USER_PATHS = NO;
				ASSETCATALOG_COMPILER_GENERATE_SWIFT_ASSET_SYMBOL_EXTENSIONS = YES;
				CLANG_ANALYZER_NONNULL = YES;
				CLANG_ANALYZER_NUMBER_OBJECT_CONVERSION = YES_AGGRESSIVE;
				CLANG_CXX_LANGUAGE_STANDARD = "gnu++20";
				CLANG_ENABLE_MODULES = YES;
				CLANG_ENABLE_OBJC_ARC = YES;
				CLANG_ENABLE_OBJC_WEAK = YES;
				CLANG_WARN_BLOCK_CAPTURE_AUTORELEASING = YES;
				CLANG_WARN_BOOL_CONVERSION = YES;
				CLANG_WARN_COMMA = YES;
				CLANG_WARN_CONSTANT_CONVERSION = YES;
				CLANG_WARN_DEPRECATED_OBJC_IMPLEMENTATIONS = YES;
				CLANG_WARN_DIRECT_OBJC_ISA_USAGE = YES_ERROR;
				CLANG_WARN_DOCUMENTATION_COMMENTS = YES;
				CLANG_WARN_EMPTY_BODY = YES;
				CLANG_WARN_ENUM_CONVERSION = YES;
				CLANG_WARN_INFINITE_RECURSION = YES;
				CLANG_WARN_INT_CONVERSION = YES;
				CLANG_WARN_NON_LITERAL_NULL_CONVERSION = YES;
				CLANG_WARN_OBJC_IMPLICIT_RETAIN_SELF = YES;
				CLANG_WARN_OBJC_LITERAL_CONVERSION = YES;
				CLANG_WARN_OBJC_ROOT_CLASS = YES_ERROR;
				CLANG_WARN_QUOTED_INCLUDE_IN_FRAMEWORK_HEADER = YES;
				CLANG_WARN_RANGE_LOOP_ANALYSIS = YES;
				CLANG_WARN_STRICT_PROTOTYPES = YES;
				CLANG_WARN_SUSPICIOUS_MOVE = YES;
				CLANG_WARN_UNGUARDED_AVAILABILITY = YES_AGGRESSIVE;
				CLANG_WARN_UNREACHABLE_CODE = YES;
				CLANG_WARN__DUPLICATE_METHOD_MATCH = YES;
				COPY_PHASE_STRIP = NO;
				DEBUG_INFORMATION_FORMAT = dwarf;
				ENABLE_STRICT_OBJC_MSGSEND = YES;
				ENABLE_TESTABILITY = YES;
				ENABLE_USER_SCRIPT_SANDBOXING = YES;
				GCC_C_LANGUAGE_STANDARD = gnu17;
				GCC_DYNAMIC_NO_PIC = NO;
				GCC_NO_COMMON_BLOCKS = YES;
				GCC_OPTIMIZATION_LEVEL = 0;
				GCC_PREPROCESSOR_DEFINITIONS = (
					"DEBUG=1",
					"$(inherited)",
				);
				GCC_WARN_64_TO_32_BIT_CONVERSION = YES;
				GCC_WARN_ABOUT_RETURN_TYPE = YES_ERROR;
				GCC_WARN_UNDECLARED_SELECTOR = YES;
				GCC_WARN_UNINITIALIZED_AUTOS = YES_AGGRESSIVE;
				GCC_WARN_UNUSED_FUNCTION = YES;
				GCC_WARN_UNUSED_VARIABLE = YES;
				IPHONEOS_DEPLOYMENT_TARGET = 17.0;
				LOCALIZATION_PREFERS_STRING_CATALOGS = YES;
				MTL_ENABLE_DEBUG_INFO = INCLUDE_SOURCE;
				MTL_FAST_MATH = YES;
				ONLY_ACTIVE_ARCH = YES;
				SDKROOT = iphoneos;
				SWIFT_ACTIVE_COMPILATION_CONDITIONS = "DEBUG $(inherited)";
				SWIFT_OPTIMIZATION_LEVEL = "-Onone";
			};
			name = Debug;
		};
		38AE75272C1E094700DFB6A7 /* Release */ = {
			isa = XCBuildConfiguration;
			buildSettings = {
				ALWAYS_SEARCH_USER_PATHS = NO;
				ASSETCATALOG_COMPILER_GENERATE_SWIFT_ASSET_SYMBOL_EXTENSIONS = YES;
				CLANG_ANALYZER_NONNULL = YES;
				CLANG_ANALYZER_NUMBER_OBJECT_CONVERSION = YES_AGGRESSIVE;
				CLANG_CXX_LANGUAGE_STANDARD = "gnu++20";
				CLANG_ENABLE_MODULES = YES;
				CLANG_ENABLE_OBJC_ARC = YES;
				CLANG_ENABLE_OBJC_WEAK = YES;
				CLANG_WARN_BLOCK_CAPTURE_AUTORELEASING = YES;
				CLANG_WARN_BOOL_CONVERSION = YES;
				CLANG_WARN_COMMA = YES;
				CLANG_WARN_CONSTANT_CONVERSION = YES;
				CLANG_WARN_DEPRECATED_OBJC_IMPLEMENTATIONS = YES;
				CLANG_WARN_DIRECT_OBJC_ISA_USAGE = YES_ERROR;
				CLANG_WARN_DOCUMENTATION_COMMENTS = YES;
				CLANG_WARN_EMPTY_BODY = YES;
				CLANG_WARN_ENUM_CONVERSION = YES;
				CLANG_WARN_INFINITE_RECURSION = YES;
				CLANG_WARN_INT_CONVERSION = YES;
				CLANG_WARN_NON_LITERAL_NULL_CONVERSION = YES;
				CLANG_WARN_OBJC_IMPLICIT_RETAIN_SELF = YES;
				CLANG_WARN_OBJC_LITERAL_CONVERSION = YES;
				CLANG_WARN_OBJC_ROOT_CLASS = YES_ERROR;
				CLANG_WARN_QUOTED_INCLUDE_IN_FRAMEWORK_HEADER = YES;
				CLANG_WARN_RANGE_LOOP_ANALYSIS = YES;
				CLANG_WARN_STRICT_PROTOTYPES = YES;
				CLANG_WARN_SUSPICIOUS_MOVE = YES;
				CLANG_WARN_UNGUARDED_AVAILABILITY = YES_AGGRESSIVE;
				CLANG_WARN_UNREACHABLE_CODE = YES;
				CLANG_WARN__DUPLICATE_METHOD_MATCH = YES;
				COPY_PHASE_STRIP = NO;
				DEBUG_INFORMATION_FORMAT = "dwarf-with-dsym";
				ENABLE_NS_ASSERTIONS = NO;
				ENABLE_STRICT_OBJC_MSGSEND = YES;
				ENABLE_USER_SCRIPT_SANDBOXING = YES;
				GCC_C_LANGUAGE_STANDARD = gnu17;
				GCC_NO_COMMON_BLOCKS = YES;
				GCC_WARN_64_TO_32_BIT_CONVERSION = YES;
				GCC_WARN_ABOUT_RETURN_TYPE = YES_ERROR;
				GCC_WARN_UNDECLARED_SELECTOR = YES;
				GCC_WARN_UNINITIALIZED_AUTOS = YES_AGGRESSIVE;
				GCC_WARN_UNUSED_FUNCTION = YES;
				GCC_WARN_UNUSED_VARIABLE = YES;
				IPHONEOS_DEPLOYMENT_TARGET = 17.0;
				LOCALIZATION_PREFERS_STRING_CATALOGS = YES;
				MTL_ENABLE_DEBUG_INFO = NO;
				MTL_FAST_MATH = YES;
				SDKROOT = iphoneos;
				SWIFT_COMPILATION_MODE = wholemodule;
				VALIDATE_PRODUCT = YES;
			};
			name = Release;
		};
		38AE75292C1E094700DFB6A7 /* Debug */ = {
			isa = XCBuildConfiguration;
			buildSettings = {
				ALWAYS_EMBED_SWIFT_STANDARD_LIBRARIES = YES;
				ASSETCATALOG_COMPILER_APPICON_NAME = AppIcon;
				ASSETCATALOG_COMPILER_GLOBAL_ACCENT_COLOR_NAME = AccentColor;
				ASSETCATALOG_COMPILER_INCLUDE_ALL_APPICON_ASSETS = YES;
				CODE_SIGN_ENTITLEMENTS = superghost/superghost.entitlements;
				CODE_SIGN_STYLE = Automatic;
				CURRENT_PROJECT_VERSION = 1;
				DEVELOPMENT_ASSET_PATHS = "\"superghost/Preview Content\"";
				DEVELOPMENT_TEAM = X5933694SW;
				ENABLE_PREVIEWS = YES;
				GENERATE_INFOPLIST_FILE = YES;
				INFOPLIST_FILE = superghost/Info.plist;
				INFOPLIST_KEY_LSApplicationCategoryType = "public.app-category.word-games";
				INFOPLIST_KEY_UIApplicationSceneManifest_Generation = YES;
				INFOPLIST_KEY_UIApplicationSupportsIndirectInputEvents = YES;
				INFOPLIST_KEY_UILaunchScreen_Generation = YES;
				INFOPLIST_KEY_UISupportedInterfaceOrientations_iPad = "UIInterfaceOrientationPortrait UIInterfaceOrientationPortraitUpsideDown UIInterfaceOrientationLandscapeLeft UIInterfaceOrientationLandscapeRight";
				INFOPLIST_KEY_UISupportedInterfaceOrientations_iPhone = "UIInterfaceOrientationPortrait UIInterfaceOrientationLandscapeLeft UIInterfaceOrientationLandscapeRight";
				IPHONEOS_DEPLOYMENT_TARGET = 16.1;
				LD_RUNPATH_SEARCH_PATHS = (
					"$(inherited)",
					"@executable_path/Frameworks",
				);
				MACOSX_DEPLOYMENT_TARGET = 13.1;
				MARKETING_VERSION = 1.0;
				PRODUCT_BUNDLE_IDENTIFIER = com.nagel.superghost;
				PRODUCT_NAME = "$(TARGET_NAME)";
				SDKROOT = xros;
				SUPPORTED_PLATFORMS = "iphoneos iphonesimulator macosx xros xrsimulator";
				SUPPORTS_MACCATALYST = NO;
				SUPPORTS_MAC_DESIGNED_FOR_IPHONE_IPAD = NO;
				SUPPORTS_XR_DESIGNED_FOR_IPHONE_IPAD = NO;
				SWIFT_EMIT_LOC_STRINGS = YES;
				SWIFT_VERSION = 5.0;
				TARGETED_DEVICE_FAMILY = "1,2,7";
				XROS_DEPLOYMENT_TARGET = 1.2;
			};
			name = Debug;
		};
		38AE752A2C1E094700DFB6A7 /* Release */ = {
			isa = XCBuildConfiguration;
			buildSettings = {
				ALWAYS_EMBED_SWIFT_STANDARD_LIBRARIES = YES;
				ASSETCATALOG_COMPILER_APPICON_NAME = AppIcon;
				ASSETCATALOG_COMPILER_GLOBAL_ACCENT_COLOR_NAME = AccentColor;
				ASSETCATALOG_COMPILER_INCLUDE_ALL_APPICON_ASSETS = YES;
				CODE_SIGN_ENTITLEMENTS = superghost/superghost.entitlements;
				CODE_SIGN_STYLE = Automatic;
				CURRENT_PROJECT_VERSION = 1;
				DEVELOPMENT_ASSET_PATHS = "\"superghost/Preview Content\"";
				DEVELOPMENT_TEAM = X5933694SW;
				ENABLE_PREVIEWS = YES;
				GENERATE_INFOPLIST_FILE = YES;
				INFOPLIST_FILE = superghost/Info.plist;
				INFOPLIST_KEY_LSApplicationCategoryType = "public.app-category.word-games";
				INFOPLIST_KEY_UIApplicationSceneManifest_Generation = YES;
				INFOPLIST_KEY_UIApplicationSupportsIndirectInputEvents = YES;
				INFOPLIST_KEY_UILaunchScreen_Generation = YES;
				INFOPLIST_KEY_UISupportedInterfaceOrientations_iPad = "UIInterfaceOrientationPortrait UIInterfaceOrientationPortraitUpsideDown UIInterfaceOrientationLandscapeLeft UIInterfaceOrientationLandscapeRight";
				INFOPLIST_KEY_UISupportedInterfaceOrientations_iPhone = "UIInterfaceOrientationPortrait UIInterfaceOrientationLandscapeLeft UIInterfaceOrientationLandscapeRight";
				IPHONEOS_DEPLOYMENT_TARGET = 16.1;
				LD_RUNPATH_SEARCH_PATHS = (
					"$(inherited)",
					"@executable_path/Frameworks",
				);
				MACOSX_DEPLOYMENT_TARGET = 13.1;
				MARKETING_VERSION = 1.0;
				PRODUCT_BUNDLE_IDENTIFIER = com.nagel.superghost;
				PRODUCT_NAME = "$(TARGET_NAME)";
				SDKROOT = xros;
				SUPPORTED_PLATFORMS = "iphoneos iphonesimulator macosx xros xrsimulator";
				SUPPORTS_MACCATALYST = NO;
				SUPPORTS_MAC_DESIGNED_FOR_IPHONE_IPAD = NO;
				SUPPORTS_XR_DESIGNED_FOR_IPHONE_IPAD = NO;
				SWIFT_EMIT_LOC_STRINGS = YES;
				SWIFT_VERSION = 5.0;
				TARGETED_DEVICE_FAMILY = "1,2,7";
				XROS_DEPLOYMENT_TARGET = 1.2;
			};
			name = Release;
		};
		38AF91AD2C46D685003D100B /* Debug */ = {
			isa = XCBuildConfiguration;
			buildSettings = {
				ASSETCATALOG_COMPILER_GLOBAL_ACCENT_COLOR_NAME = AccentColor;
				ASSETCATALOG_COMPILER_WIDGET_BACKGROUND_COLOR_NAME = WidgetBackground;
				CODE_SIGN_ENTITLEMENTS = gamestatsWidget/gamestatsWidget.entitlements;
				CODE_SIGN_STYLE = Automatic;
				CURRENT_PROJECT_VERSION = 1;
				DEVELOPMENT_TEAM = X5933694SW;
				ENABLE_HARDENED_RUNTIME = YES;
				GENERATE_INFOPLIST_FILE = YES;
				INFOPLIST_FILE = gamestatsWidget/Info.plist;
				INFOPLIST_KEY_CFBundleDisplayName = gamestatsWidget;
				INFOPLIST_KEY_NSHumanReadableCopyright = "";
				IPHONEOS_DEPLOYMENT_TARGET = 17.0;
				LD_RUNPATH_SEARCH_PATHS = (
					"$(inherited)",
					"@executable_path/Frameworks",
					"@executable_path/../../Frameworks",
				);
				"LD_RUNPATH_SEARCH_PATHS[sdk=macosx*]" = (
					"$(inherited)",
					"@executable_path/../Frameworks",
					"@executable_path/../../../../Frameworks",
				);
				MACOSX_DEPLOYMENT_TARGET = 14.0;
				MARKETING_VERSION = 1.0;
				PRODUCT_BUNDLE_IDENTIFIER = com.nagel.superghost.gamestatsWidget;
				PRODUCT_NAME = "$(TARGET_NAME)";
				SDKROOT = auto;
				SKIP_INSTALL = YES;
				SUPPORTED_PLATFORMS = "iphoneos iphonesimulator macosx";
				SWIFT_EMIT_LOC_STRINGS = YES;
				SWIFT_VERSION = 5.0;
				TARGETED_DEVICE_FAMILY = "1,2";
			};
			name = Debug;
		};
		38AF91AE2C46D685003D100B /* Release */ = {
			isa = XCBuildConfiguration;
			buildSettings = {
				ASSETCATALOG_COMPILER_GLOBAL_ACCENT_COLOR_NAME = AccentColor;
				ASSETCATALOG_COMPILER_WIDGET_BACKGROUND_COLOR_NAME = WidgetBackground;
				CODE_SIGN_ENTITLEMENTS = gamestatsWidget/gamestatsWidget.entitlements;
				CODE_SIGN_STYLE = Automatic;
				CURRENT_PROJECT_VERSION = 1;
				DEVELOPMENT_TEAM = X5933694SW;
				ENABLE_HARDENED_RUNTIME = YES;
				GENERATE_INFOPLIST_FILE = YES;
				INFOPLIST_FILE = gamestatsWidget/Info.plist;
				INFOPLIST_KEY_CFBundleDisplayName = gamestatsWidget;
				INFOPLIST_KEY_NSHumanReadableCopyright = "";
				IPHONEOS_DEPLOYMENT_TARGET = 17.0;
				LD_RUNPATH_SEARCH_PATHS = (
					"$(inherited)",
					"@executable_path/Frameworks",
					"@executable_path/../../Frameworks",
				);
				"LD_RUNPATH_SEARCH_PATHS[sdk=macosx*]" = (
					"$(inherited)",
					"@executable_path/../Frameworks",
					"@executable_path/../../../../Frameworks",
				);
				MACOSX_DEPLOYMENT_TARGET = 14.0;
				MARKETING_VERSION = 1.0;
				PRODUCT_BUNDLE_IDENTIFIER = com.nagel.superghost.gamestatsWidget;
				PRODUCT_NAME = "$(TARGET_NAME)";
				SDKROOT = auto;
				SKIP_INSTALL = YES;
				SUPPORTED_PLATFORMS = "iphoneos iphonesimulator macosx";
				SWIFT_EMIT_LOC_STRINGS = YES;
				SWIFT_VERSION = 5.0;
				TARGETED_DEVICE_FAMILY = "1,2";
			};
			name = Release;
		};
/* End XCBuildConfiguration section */

/* Begin XCConfigurationList section */
		38219ACF2C6258B1001A7C4F /* Build configuration list for PBXNativeTarget "Messages Extension" */ = {
			isa = XCConfigurationList;
			buildConfigurations = (
				38219AD02C6258B1001A7C4F /* Debug */,
				38219AD12C6258B1001A7C4F /* Release */,
			);
			defaultConfigurationIsVisible = 0;
			defaultConfigurationName = Release;
		};
		38AE74FF2C1E094500DFB6A7 /* Build configuration list for PBXProject "superghost" */ = {
			isa = XCConfigurationList;
			buildConfigurations = (
				38AE75262C1E094700DFB6A7 /* Debug */,
				38AE75272C1E094700DFB6A7 /* Release */,
			);
			defaultConfigurationIsVisible = 0;
			defaultConfigurationName = Release;
		};
		38AE75282C1E094700DFB6A7 /* Build configuration list for PBXNativeTarget "superghost" */ = {
			isa = XCConfigurationList;
			buildConfigurations = (
				38AE75292C1E094700DFB6A7 /* Debug */,
				38AE752A2C1E094700DFB6A7 /* Release */,
			);
			defaultConfigurationIsVisible = 0;
			defaultConfigurationName = Release;
		};
		38AF91AC2C46D685003D100B /* Build configuration list for PBXNativeTarget "gamestatsWidgetExtension" */ = {
			isa = XCConfigurationList;
			buildConfigurations = (
				38AF91AD2C46D685003D100B /* Debug */,
				38AF91AE2C46D685003D100B /* Release */,
			);
			defaultConfigurationIsVisible = 0;
			defaultConfigurationName = Release;
		};
/* End XCConfigurationList section */

/* Begin XCRemoteSwiftPackageReference section */
		38D75F722C418629000C0DDF /* XCRemoteSwiftPackageReference "purchases-ios" */ = {
			isa = XCRemoteSwiftPackageReference;
			repositoryURL = "https://github.com/RevenueCat/purchases-ios.git";
			requirement = {
				kind = upToNextMajorVersion;
				minimumVersion = 5.1.0;
			};
		};
/* End XCRemoteSwiftPackageReference section */

/* Begin XCSwiftPackageProductDependency section */
		38D75F732C418629000C0DDF /* RevenueCat */ = {
			isa = XCSwiftPackageProductDependency;
			package = 38D75F722C418629000C0DDF /* XCRemoteSwiftPackageReference "purchases-ios" */;
			productName = RevenueCat;
		};
		38D75F752C418629000C0DDF /* RevenueCatUI */ = {
			isa = XCSwiftPackageProductDependency;
			package = 38D75F722C418629000C0DDF /* XCRemoteSwiftPackageReference "purchases-ios" */;
			productName = RevenueCatUI;
		};
/* End XCSwiftPackageProductDependency section */
	};
	rootObject = 38AE74FC2C1E094500DFB6A7 /* Project object */;
}
