{
  "originHash" : "a6ece6d09666b6d093d3a696187ce9e872e22d6c39c28d2f9f5c48dc5a7b0b80",
  "pins" : [
    {
      "identity" : "purchases-ios",
      "kind" : "remoteSourceControl",
      "location" : "https://github.com/RevenueCat/purchases-ios.git",
      "state" : {
        "revision" : "56f136a1385a2fe17998d0b34b3db26debeb8ec4",
        "version" : "5.2.2"
      }
    },
    {
      "identity" : "swiftsdk",
      "kind" : "remoteSourceControl",
      "location" : "https://github.com/TelemetryDeck/SwiftSDK",
      "state" : {
        "revision" : "13a26cf125b70d695913eb9bea9f9b9c29da5790",
        "version" : "2.3.0"
      }
    }
  ],
  "version" : 3
}
